// !$*UTF8*$!
{
	archiveVersion = 1;
	classes = {
	};
	objectVersion = 55;
	objects = {

/* Begin PBXFileReference section */
		AAD4A30B28A1DB930063526C /* Cryptography.playground */ = {isa = PBXFileReference; lastKnownFileType = file.playground; path = Cryptography.playground; sourceTree = "<group>"; xcLanguageSpecificationIdentifier = xcode.lang.swift; };
/* End PBXFileReference section */

/* Begin PBXGroup section */
		AAD4A30428A1DB810063526C = {
			isa = PBXGroup;
			children = (
				AAD4A30B28A1DB930063526C /* Cryptography.playground */,
			);
			sourceTree = "<group>";
		};
/* End PBXGroup section */

/* Begin PBXProject section */
		AAD4A30528A1DB810063526C /* Project object */ = {
			isa = PBXProject;
			attributes = {
				BuildIndependentTargetsInParallel = 1;
				LastUpgradeCheck = 1340;
			};
			buildConfigurationList = AAD4A30828A1DB810063526C /* Build configuration list for PBXProject "Anonimity-Playground" */;
			compatibilityVersion = "Xcode 13.0";
			developmentRegion = en;
			hasScannedForEncodings = 0;
			knownRegions = (
				en,
				Base,
			);
			mainGroup = AAD4A30428A1DB810063526C;
			projectDirPath = "";
			projectRoot = "";
			targets = (
			);
		};
/* End PBXProject section */

/* Begin XCBuildConfiguration section */
		AAD4A30928A1DB810063526C /* Debug */ = {
			isa = XCBuildConfiguration;
			buildSettings = {
			};
			name = Debug;
		};
		AAD4A30A28A1DB810063526C /* Release */ = {
			isa = XCBuildConfiguration;
			buildSettings = {
			};
			name = Release;
		};
/* End XCBuildConfiguration section */

/* Begin XCConfigurationList section */
		AAD4A30828A1DB810063526C /* Build configuration list for PBXProject "Anonimity-Playground" */ = {
			isa = XCConfigurationList;
			buildConfigurations = (
				AAD4A30928A1DB810063526C /* Debug */,
				AAD4A30A28A1DB810063526C /* Release */,
			);
			defaultConfigurationIsVisible = 0;
			defaultConfigurationName = Release;
		};
/* End XCConfigurationList section */
	};
	rootObject = AAD4A30528A1DB810063526C /* Project object */;
}
