// !$*UTF8*$!
{
	archiveVersion = 1;
	classes = {
	};
	objectVersion = 55;
	objects = {

/* Begin PBXBuildFile section */
		AA22B566285D93C600E1DD29 /* Tests_iOS.swift in Sources */ = {isa = PBXBuildFile; fileRef = AA22B565285D93C600E1DD29 /* Tests_iOS.swift */; };
		AA22B568285D93C600E1DD29 /* Tests_iOSLaunchTests.swift in Sources */ = {isa = PBXBuildFile; fileRef = AA22B567285D93C600E1DD29 /* Tests_iOSLaunchTests.swift */; };
		AA22B572285D93C600E1DD29 /* Tests_macOS.swift in Sources */ = {isa = PBXBuildFile; fileRef = AA22B571285D93C600E1DD29 /* Tests_macOS.swift */; };
		AA22B574285D93C600E1DD29 /* Tests_macOSLaunchTests.swift in Sources */ = {isa = PBXBuildFile; fileRef = AA22B573285D93C600E1DD29 /* Tests_macOSLaunchTests.swift */; };
		AA22B575285D93C600E1DD29 /* Anonymity.xcdatamodeld in Sources */ = {isa = PBXBuildFile; fileRef = AA22B54A285D93C500E1DD29 /* Anonymity.xcdatamodeld */; };
		AA22B576285D93C600E1DD29 /* Anonymity.xcdatamodeld in Sources */ = {isa = PBXBuildFile; fileRef = AA22B54A285D93C500E1DD29 /* Anonymity.xcdatamodeld */; };
		AA22B577285D93C600E1DD29 /* AnonymityApp.swift in Sources */ = {isa = PBXBuildFile; fileRef = AA22B54C285D93C500E1DD29 /* AnonymityApp.swift */; };
		AA22B578285D93C600E1DD29 /* AnonymityApp.swift in Sources */ = {isa = PBXBuildFile; fileRef = AA22B54C285D93C500E1DD29 /* AnonymityApp.swift */; };
		AA22B579285D93C600E1DD29 /* ContentView.swift in Sources */ = {isa = PBXBuildFile; fileRef = AA22B54D285D93C500E1DD29 /* ContentView.swift */; };
		AA22B57A285D93C600E1DD29 /* ContentView.swift in Sources */ = {isa = PBXBuildFile; fileRef = AA22B54D285D93C500E1DD29 /* ContentView.swift */; };
		AA22B57B285D93C600E1DD29 /* Persistence.swift in Sources */ = {isa = PBXBuildFile; fileRef = AA22B54E285D93C500E1DD29 /* Persistence.swift */; };
		AA22B57C285D93C600E1DD29 /* Persistence.swift in Sources */ = {isa = PBXBuildFile; fileRef = AA22B54E285D93C500E1DD29 /* Persistence.swift */; };
		AA22B57D285D93C600E1DD29 /* Assets.xcassets in Resources */ = {isa = PBXBuildFile; fileRef = AA22B54F285D93C600E1DD29 /* Assets.xcassets */; };
		AA22B57E285D93C600E1DD29 /* Assets.xcassets in Resources */ = {isa = PBXBuildFile; fileRef = AA22B54F285D93C600E1DD29 /* Assets.xcassets */; };
		AA44B780286527CA001691A3 /* User.swift in Sources */ = {isa = PBXBuildFile; fileRef = AA44B77F286527CA001691A3 /* User.swift */; };
		AA44B78228677AA9001691A3 /* Message.swift in Sources */ = {isa = PBXBuildFile; fileRef = AA44B78128677AA9001691A3 /* Message.swift */; };
		AA44B784286A65BE001691A3 /* MessageListView.swift in Sources */ = {isa = PBXBuildFile; fileRef = AA44B783286A65BE001691A3 /* MessageListView.swift */; };
		AA44B786286A845B001691A3 /* ChatView.swift in Sources */ = {isa = PBXBuildFile; fileRef = AA44B785286A845B001691A3 /* ChatView.swift */; };
		AA44B788286B65CB001691A3 /* Chat.swift in Sources */ = {isa = PBXBuildFile; fileRef = AA44B787286B65CB001691A3 /* Chat.swift */; };
		AA5A43E42874940100C47765 /* MessageDataService.swift in Sources */ = {isa = PBXBuildFile; fileRef = AA5A43E32874940100C47765 /* MessageDataService.swift */; };
		AA5A43E6287495D200C47765 /* ContactsView.swift in Sources */ = {isa = PBXBuildFile; fileRef = AA5A43E5287495D200C47765 /* ContactsView.swift */; };
		AA5A43E9287497BD00C47765 /* OnlineStatusView.swift in Sources */ = {isa = PBXBuildFile; fileRef = AA5A43E8287497BD00C47765 /* OnlineStatusView.swift */; };
		AA5A43EB28749EAD00C47765 /* HomePageView.swift in Sources */ = {isa = PBXBuildFile; fileRef = AA5A43EA28749EAD00C47765 /* HomePageView.swift */; };
/* End PBXBuildFile section */

/* Begin PBXContainerItemProxy section */
		AA22B562285D93C600E1DD29 /* PBXContainerItemProxy */ = {
			isa = PBXContainerItemProxy;
			containerPortal = AA22B545285D93C500E1DD29 /* Project object */;
			proxyType = 1;
			remoteGlobalIDString = AA22B553285D93C600E1DD29;
			remoteInfo = "Anonymity (iOS)";
		};
		AA22B56E285D93C600E1DD29 /* PBXContainerItemProxy */ = {
			isa = PBXContainerItemProxy;
			containerPortal = AA22B545285D93C500E1DD29 /* Project object */;
			proxyType = 1;
			remoteGlobalIDString = AA22B559285D93C600E1DD29;
			remoteInfo = "Anonymity (macOS)";
		};
/* End PBXContainerItemProxy section */

/* Begin PBXFileReference section */
		AA22B54B285D93C500E1DD29 /* Shared.xcdatamodel */ = {isa = PBXFileReference; lastKnownFileType = wrapper.xcdatamodel; path = Shared.xcdatamodel; sourceTree = "<group>"; };
		AA22B54C285D93C500E1DD29 /* AnonymityApp.swift */ = {isa = PBXFileReference; lastKnownFileType = sourcecode.swift; path = AnonymityApp.swift; sourceTree = "<group>"; };
		AA22B54D285D93C500E1DD29 /* ContentView.swift */ = {isa = PBXFileReference; lastKnownFileType = sourcecode.swift; path = ContentView.swift; sourceTree = "<group>"; };
		AA22B54E285D93C500E1DD29 /* Persistence.swift */ = {isa = PBXFileReference; lastKnownFileType = sourcecode.swift; path = Persistence.swift; sourceTree = "<group>"; };
		AA22B54F285D93C600E1DD29 /* Assets.xcassets */ = {isa = PBXFileReference; lastKnownFileType = folder.assetcatalog; path = Assets.xcassets; sourceTree = "<group>"; };
		AA22B554285D93C600E1DD29 /* Anonymity.app */ = {isa = PBXFileReference; explicitFileType = wrapper.application; includeInIndex = 0; path = Anonymity.app; sourceTree = BUILT_PRODUCTS_DIR; };
		AA22B55A285D93C600E1DD29 /* Anonymity.app */ = {isa = PBXFileReference; explicitFileType = wrapper.application; includeInIndex = 0; path = Anonymity.app; sourceTree = BUILT_PRODUCTS_DIR; };
		AA22B55C285D93C600E1DD29 /* macOS.entitlements */ = {isa = PBXFileReference; lastKnownFileType = text.plist.entitlements; path = macOS.entitlements; sourceTree = "<group>"; };
		AA22B561285D93C600E1DD29 /* Tests iOS.xctest */ = {isa = PBXFileReference; explicitFileType = wrapper.cfbundle; includeInIndex = 0; path = "Tests iOS.xctest"; sourceTree = BUILT_PRODUCTS_DIR; };
		AA22B565285D93C600E1DD29 /* Tests_iOS.swift */ = {isa = PBXFileReference; lastKnownFileType = sourcecode.swift; path = Tests_iOS.swift; sourceTree = "<group>"; };
		AA22B567285D93C600E1DD29 /* Tests_iOSLaunchTests.swift */ = {isa = PBXFileReference; lastKnownFileType = sourcecode.swift; path = Tests_iOSLaunchTests.swift; sourceTree = "<group>"; };
		AA22B56D285D93C600E1DD29 /* Tests macOS.xctest */ = {isa = PBXFileReference; explicitFileType = wrapper.cfbundle; includeInIndex = 0; path = "Tests macOS.xctest"; sourceTree = BUILT_PRODUCTS_DIR; };
		AA22B571285D93C600E1DD29 /* Tests_macOS.swift */ = {isa = PBXFileReference; lastKnownFileType = sourcecode.swift; path = Tests_macOS.swift; sourceTree = "<group>"; };
		AA22B573285D93C600E1DD29 /* Tests_macOSLaunchTests.swift */ = {isa = PBXFileReference; lastKnownFileType = sourcecode.swift; path = Tests_macOSLaunchTests.swift; sourceTree = "<group>"; };
		AA44B77F286527CA001691A3 /* User.swift */ = {isa = PBXFileReference; lastKnownFileType = sourcecode.swift; path = User.swift; sourceTree = "<group>"; };
		AA44B78128677AA9001691A3 /* Message.swift */ = {isa = PBXFileReference; lastKnownFileType = sourcecode.swift; path = Message.swift; sourceTree = "<group>"; };
		AA44B783286A65BE001691A3 /* MessageListView.swift */ = {isa = PBXFileReference; lastKnownFileType = sourcecode.swift; path = MessageListView.swift; sourceTree = "<group>"; };
		AA44B785286A845B001691A3 /* ChatView.swift */ = {isa = PBXFileReference; lastKnownFileType = sourcecode.swift; path = ChatView.swift; sourceTree = "<group>"; };
		AA44B787286B65CB001691A3 /* Chat.swift */ = {isa = PBXFileReference; lastKnownFileType = sourcecode.swift; path = Chat.swift; sourceTree = "<group>"; };
		AA5A43E32874940100C47765 /* MessageDataService.swift */ = {isa = PBXFileReference; lastKnownFileType = sourcecode.swift; path = MessageDataService.swift; sourceTree = "<group>"; };
		AA5A43E5287495D200C47765 /* ContactsView.swift */ = {isa = PBXFileReference; lastKnownFileType = sourcecode.swift; path = ContactsView.swift; sourceTree = "<group>"; };
		AA5A43E8287497BD00C47765 /* OnlineStatusView.swift */ = {isa = PBXFileReference; lastKnownFileType = sourcecode.swift; path = OnlineStatusView.swift; sourceTree = "<group>"; };
		AA5A43EA28749EAD00C47765 /* HomePageView.swift */ = {isa = PBXFileReference; lastKnownFileType = sourcecode.swift; path = HomePageView.swift; sourceTree = "<group>"; };
/* End PBXFileReference section */

/* Begin PBXFrameworksBuildPhase section */
		AA22B551285D93C600E1DD29 /* Frameworks */ = {
			isa = PBXFrameworksBuildPhase;
			buildActionMask = 2147483647;
			files = (
			);
			runOnlyForDeploymentPostprocessing = 0;
		};
		AA22B557285D93C600E1DD29 /* Frameworks */ = {
			isa = PBXFrameworksBuildPhase;
			buildActionMask = 2147483647;
			files = (
			);
			runOnlyForDeploymentPostprocessing = 0;
		};
		AA22B55E285D93C600E1DD29 /* Frameworks */ = {
			isa = PBXFrameworksBuildPhase;
			buildActionMask = 2147483647;
			files = (
			);
			runOnlyForDeploymentPostprocessing = 0;
		};
		AA22B56A285D93C600E1DD29 /* Frameworks */ = {
			isa = PBXFrameworksBuildPhase;
			buildActionMask = 2147483647;
			files = (
			);
			runOnlyForDeploymentPostprocessing = 0;
		};
/* End PBXFrameworksBuildPhase section */

/* Begin PBXGroup section */
		AA22B544285D93C500E1DD29 = {
			isa = PBXGroup;
			children = (
				AA22B549285D93C500E1DD29 /* Shared */,
				AA22B55B285D93C600E1DD29 /* macOS */,
				AA22B564285D93C600E1DD29 /* Tests iOS */,
				AA22B570285D93C600E1DD29 /* Tests macOS */,
				AA22B555285D93C600E1DD29 /* Products */,
			);
			sourceTree = "<group>";
		};
		AA22B549285D93C500E1DD29 /* Shared */ = {
			isa = PBXGroup;
			children = (
				AA22B54C285D93C500E1DD29 /* AnonymityApp.swift */,
				AA44B77C286524BD001691A3 /* Models */,
				AA44B77E286524D1001691A3 /* ViewModels */,
				AA44B77D286524CA001691A3 /* Views */,
				AA5A43E22874922200C47765 /* DataServices */,
				AA22B54E285D93C500E1DD29 /* Persistence.swift */,
				AA22B54F285D93C600E1DD29 /* Assets.xcassets */,
				AA22B54A285D93C500E1DD29 /* Anonymity.xcdatamodeld */,
			);
			path = Shared;
			sourceTree = "<group>";
		};
		AA22B555285D93C600E1DD29 /* Products */ = {
			isa = PBXGroup;
			children = (
				AA22B554285D93C600E1DD29 /* Anonymity.app */,
				AA22B55A285D93C600E1DD29 /* Anonymity.app */,
				AA22B561285D93C600E1DD29 /* Tests iOS.xctest */,
				AA22B56D285D93C600E1DD29 /* Tests macOS.xctest */,
			);
			name = Products;
			sourceTree = "<group>";
		};
		AA22B55B285D93C600E1DD29 /* macOS */ = {
			isa = PBXGroup;
			children = (
				AA22B55C285D93C600E1DD29 /* macOS.entitlements */,
			);
			path = macOS;
			sourceTree = "<group>";
		};
		AA22B564285D93C600E1DD29 /* Tests iOS */ = {
			isa = PBXGroup;
			children = (
				AA22B565285D93C600E1DD29 /* Tests_iOS.swift */,
				AA22B567285D93C600E1DD29 /* Tests_iOSLaunchTests.swift */,
			);
			path = "Tests iOS";
			sourceTree = "<group>";
		};
		AA22B570285D93C600E1DD29 /* Tests macOS */ = {
			isa = PBXGroup;
			children = (
				AA22B571285D93C600E1DD29 /* Tests_macOS.swift */,
				AA22B573285D93C600E1DD29 /* Tests_macOSLaunchTests.swift */,
			);
			path = "Tests macOS";
			sourceTree = "<group>";
		};
		AA44B77C286524BD001691A3 /* Models */ = {
			isa = PBXGroup;
			children = (
				AA44B77F286527CA001691A3 /* User.swift */,
				AA44B78128677AA9001691A3 /* Message.swift */,
				AA44B787286B65CB001691A3 /* Chat.swift */,
			);
			path = Models;
			sourceTree = "<group>";
		};
		AA44B77D286524CA001691A3 /* Views */ = {
			isa = PBXGroup;
			children = (
				AA5A43EA28749EAD00C47765 /* HomePageView.swift */,
				AA22B54D285D93C500E1DD29 /* ContentView.swift */,
				AA5A43E72874976400C47765 /* Components */,
				AA44B783286A65BE001691A3 /* MessageListView.swift */,
				AA44B785286A845B001691A3 /* ChatView.swift */,
				AA5A43E5287495D200C47765 /* ContactsView.swift */,
			);
			path = Views;
			sourceTree = "<group>";
		};
		AA44B77E286524D1001691A3 /* ViewModels */ = {
			isa = PBXGroup;
			children = (
			);
			path = ViewModels;
			sourceTree = "<group>";
		};
		AA5A43E22874922200C47765 /* DataServices */ = {
			isa = PBXGroup;
			children = (
				AA5A43E32874940100C47765 /* MessageDataService.swift */,
			);
			path = DataServices;
			sourceTree = "<group>";
		};
		AA5A43E72874976400C47765 /* Components */ = {
			isa = PBXGroup;
			children = (
				AA5A43E8287497BD00C47765 /* OnlineStatusView.swift */,
			);
			path = Components;
			sourceTree = "<group>";
		};
/* End PBXGroup section */

/* Begin PBXNativeTarget section */
		AA22B553285D93C600E1DD29 /* Anonymity (iOS) */ = {
			isa = PBXNativeTarget;
			buildConfigurationList = AA22B581285D93C600E1DD29 /* Build configuration list for PBXNativeTarget "Anonymity (iOS)" */;
			buildPhases = (
				AA22B550285D93C600E1DD29 /* Sources */,
				AA22B551285D93C600E1DD29 /* Frameworks */,
				AA22B552285D93C600E1DD29 /* Resources */,
			);
			buildRules = (
			);
			dependencies = (
			);
			name = "Anonymity (iOS)";
			productName = "Anonymity (iOS)";
			productReference = AA22B554285D93C600E1DD29 /* Anonymity.app */;
			productType = "com.apple.product-type.application";
		};
		AA22B559285D93C600E1DD29 /* Anonymity (macOS) */ = {
			isa = PBXNativeTarget;
			buildConfigurationList = AA22B584285D93C600E1DD29 /* Build configuration list for PBXNativeTarget "Anonymity (macOS)" */;
			buildPhases = (
				AA22B556285D93C600E1DD29 /* Sources */,
				AA22B557285D93C600E1DD29 /* Frameworks */,
				AA22B558285D93C600E1DD29 /* Resources */,
			);
			buildRules = (
			);
			dependencies = (
			);
			name = "Anonymity (macOS)";
			productName = "Anonymity (macOS)";
			productReference = AA22B55A285D93C600E1DD29 /* Anonymity.app */;
			productType = "com.apple.product-type.application";
		};
		AA22B560285D93C600E1DD29 /* Tests iOS */ = {
			isa = PBXNativeTarget;
			buildConfigurationList = AA22B587285D93C600E1DD29 /* Build configuration list for PBXNativeTarget "Tests iOS" */;
			buildPhases = (
				AA22B55D285D93C600E1DD29 /* Sources */,
				AA22B55E285D93C600E1DD29 /* Frameworks */,
				AA22B55F285D93C600E1DD29 /* Resources */,
			);
			buildRules = (
			);
			dependencies = (
				AA22B563285D93C600E1DD29 /* PBXTargetDependency */,
			);
			name = "Tests iOS";
			productName = "Tests iOS";
			productReference = AA22B561285D93C600E1DD29 /* Tests iOS.xctest */;
			productType = "com.apple.product-type.bundle.ui-testing";
		};
		AA22B56C285D93C600E1DD29 /* Tests macOS */ = {
			isa = PBXNativeTarget;
			buildConfigurationList = AA22B58A285D93C600E1DD29 /* Build configuration list for PBXNativeTarget "Tests macOS" */;
			buildPhases = (
				AA22B569285D93C600E1DD29 /* Sources */,
				AA22B56A285D93C600E1DD29 /* Frameworks */,
				AA22B56B285D93C600E1DD29 /* Resources */,
			);
			buildRules = (
			);
			dependencies = (
				AA22B56F285D93C600E1DD29 /* PBXTargetDependency */,
			);
			name = "Tests macOS";
			productName = "Tests macOS";
			productReference = AA22B56D285D93C600E1DD29 /* Tests macOS.xctest */;
			productType = "com.apple.product-type.bundle.ui-testing";
		};
/* End PBXNativeTarget section */

/* Begin PBXProject section */
		AA22B545285D93C500E1DD29 /* Project object */ = {
			isa = PBXProject;
			attributes = {
				BuildIndependentTargetsInParallel = 1;
				LastSwiftUpdateCheck = 1340;
				LastUpgradeCheck = 1340;
				TargetAttributes = {
					AA22B553285D93C600E1DD29 = {
						CreatedOnToolsVersion = 13.4.1;
					};
					AA22B559285D93C600E1DD29 = {
						CreatedOnToolsVersion = 13.4.1;
					};
					AA22B560285D93C600E1DD29 = {
						CreatedOnToolsVersion = 13.4.1;
						TestTargetID = AA22B553285D93C600E1DD29;
					};
					AA22B56C285D93C600E1DD29 = {
						CreatedOnToolsVersion = 13.4.1;
						TestTargetID = AA22B559285D93C600E1DD29;
					};
				};
			};
			buildConfigurationList = AA22B548285D93C500E1DD29 /* Build configuration list for PBXProject "Anonymity" */;
			compatibilityVersion = "Xcode 13.0";
			developmentRegion = en;
			hasScannedForEncodings = 0;
			knownRegions = (
				en,
				Base,
			);
			mainGroup = AA22B544285D93C500E1DD29;
			productRefGroup = AA22B555285D93C600E1DD29 /* Products */;
			projectDirPath = "";
			projectRoot = "";
			targets = (
				AA22B553285D93C600E1DD29 /* Anonymity (iOS) */,
				AA22B559285D93C600E1DD29 /* Anonymity (macOS) */,
				AA22B560285D93C600E1DD29 /* Tests iOS */,
				AA22B56C285D93C600E1DD29 /* Tests macOS */,
			);
		};
/* End PBXProject section */

/* Begin PBXResourcesBuildPhase section */
		AA22B552285D93C600E1DD29 /* Resources */ = {
			isa = PBXResourcesBuildPhase;
			buildActionMask = 2147483647;
			files = (
				AA22B57D285D93C600E1DD29 /* Assets.xcassets in Resources */,
			);
			runOnlyForDeploymentPostprocessing = 0;
		};
		AA22B558285D93C600E1DD29 /* Resources */ = {
			isa = PBXResourcesBuildPhase;
			buildActionMask = 2147483647;
			files = (
				AA22B57E285D93C600E1DD29 /* Assets.xcassets in Resources */,
			);
			runOnlyForDeploymentPostprocessing = 0;
		};
		AA22B55F285D93C600E1DD29 /* Resources */ = {
			isa = PBXResourcesBuildPhase;
			buildActionMask = 2147483647;
			files = (
			);
			runOnlyForDeploymentPostprocessing = 0;
		};
		AA22B56B285D93C600E1DD29 /* Resources */ = {
			isa = PBXResourcesBuildPhase;
			buildActionMask = 2147483647;
			files = (
			);
			runOnlyForDeploymentPostprocessing = 0;
		};
/* End PBXResourcesBuildPhase section */

/* Begin PBXSourcesBuildPhase section */
		AA22B550285D93C600E1DD29 /* Sources */ = {
			isa = PBXSourcesBuildPhase;
			buildActionMask = 2147483647;
			files = (
				AA22B577285D93C600E1DD29 /* AnonymityApp.swift in Sources */,
				AA5A43EB28749EAD00C47765 /* HomePageView.swift in Sources */,
				AA44B784286A65BE001691A3 /* MessageListView.swift in Sources */,
				AA22B57B285D93C600E1DD29 /* Persistence.swift in Sources */,
				AA22B575285D93C600E1DD29 /* Anonymity.xcdatamodeld in Sources */,
				AA44B788286B65CB001691A3 /* Chat.swift in Sources */,
				AA5A43E9287497BD00C47765 /* OnlineStatusView.swift in Sources */,
				AA44B786286A845B001691A3 /* ChatView.swift in Sources */,
				AA44B78228677AA9001691A3 /* Message.swift in Sources */,
				AA44B780286527CA001691A3 /* User.swift in Sources */,
				AA22B579285D93C600E1DD29 /* ContentView.swift in Sources */,
				AA5A43E6287495D200C47765 /* ContactsView.swift in Sources */,
				AA5A43E42874940100C47765 /* MessageDataService.swift in Sources */,
			);
			runOnlyForDeploymentPostprocessing = 0;
		};
		AA22B556285D93C600E1DD29 /* Sources */ = {
			isa = PBXSourcesBuildPhase;
			buildActionMask = 2147483647;
			files = (
				AA22B578285D93C600E1DD29 /* AnonymityApp.swift in Sources */,
				AA22B57C285D93C600E1DD29 /* Persistence.swift in Sources */,
				AA22B576285D93C600E1DD29 /* Anonymity.xcdatamodeld in Sources */,
				AA22B57A285D93C600E1DD29 /* ContentView.swift in Sources */,
			);
			runOnlyForDeploymentPostprocessing = 0;
		};
		AA22B55D285D93C600E1DD29 /* Sources */ = {
			isa = PBXSourcesBuildPhase;
			buildActionMask = 2147483647;
			files = (
				AA22B568285D93C600E1DD29 /* Tests_iOSLaunchTests.swift in Sources */,
				AA22B566285D93C600E1DD29 /* Tests_iOS.swift in Sources */,
			);
			runOnlyForDeploymentPostprocessing = 0;
		};
		AA22B569285D93C600E1DD29 /* Sources */ = {
			isa = PBXSourcesBuildPhase;
			buildActionMask = 2147483647;
			files = (
				AA22B574285D93C600E1DD29 /* Tests_macOSLaunchTests.swift in Sources */,
				AA22B572285D93C600E1DD29 /* Tests_macOS.swift in Sources */,
			);
			runOnlyForDeploymentPostprocessing = 0;
		};
/* End PBXSourcesBuildPhase section */

/* Begin PBXTargetDependency section */
		AA22B563285D93C600E1DD29 /* PBXTargetDependency */ = {
			isa = PBXTargetDependency;
			target = AA22B553285D93C600E1DD29 /* Anonymity (iOS) */;
			targetProxy = AA22B562285D93C600E1DD29 /* PBXContainerItemProxy */;
		};
		AA22B56F285D93C600E1DD29 /* PBXTargetDependency */ = {
			isa = PBXTargetDependency;
			target = AA22B559285D93C600E1DD29 /* Anonymity (macOS) */;
			targetProxy = AA22B56E285D93C600E1DD29 /* PBXContainerItemProxy */;
		};
/* End PBXTargetDependency section */

/* Begin XCBuildConfiguration section */
		AA22B57F285D93C600E1DD29 /* Debug */ = {
			isa = XCBuildConfiguration;
			buildSettings = {
				ALWAYS_SEARCH_USER_PATHS = NO;
				CLANG_ANALYZER_NONNULL = YES;
				CLANG_ANALYZER_NUMBER_OBJECT_CONVERSION = YES_AGGRESSIVE;
				CLANG_CXX_LANGUAGE_STANDARD = "gnu++17";
				CLANG_ENABLE_MODULES = YES;
				CLANG_ENABLE_OBJC_ARC = YES;
				CLANG_ENABLE_OBJC_WEAK = YES;
				CLANG_WARN_BLOCK_CAPTURE_AUTORELEASING = YES;
				CLANG_WARN_BOOL_CONVERSION = YES;
				CLANG_WARN_COMMA = YES;
				CLANG_WARN_CONSTANT_CONVERSION = YES;
				CLANG_WARN_DEPRECATED_OBJC_IMPLEMENTATIONS = YES;
				CLANG_WARN_DIRECT_OBJC_ISA_USAGE = YES_ERROR;
				CLANG_WARN_DOCUMENTATION_COMMENTS = YES;
				CLANG_WARN_EMPTY_BODY = YES;
				CLANG_WARN_ENUM_CONVERSION = YES;
				CLANG_WARN_INFINITE_RECURSION = YES;
				CLANG_WARN_INT_CONVERSION = YES;
				CLANG_WARN_NON_LITERAL_NULL_CONVERSION = YES;
				CLANG_WARN_OBJC_IMPLICIT_RETAIN_SELF = YES;
				CLANG_WARN_OBJC_LITERAL_CONVERSION = YES;
				CLANG_WARN_OBJC_ROOT_CLASS = YES_ERROR;
				CLANG_WARN_QUOTED_INCLUDE_IN_FRAMEWORK_HEADER = YES;
				CLANG_WARN_RANGE_LOOP_ANALYSIS = YES;
				CLANG_WARN_STRICT_PROTOTYPES = YES;
				CLANG_WARN_SUSPICIOUS_MOVE = YES;
				CLANG_WARN_UNGUARDED_AVAILABILITY = YES_AGGRESSIVE;
				CLANG_WARN_UNREACHABLE_CODE = YES;
				CLANG_WARN__DUPLICATE_METHOD_MATCH = YES;
				COPY_PHASE_STRIP = NO;
				DEBUG_INFORMATION_FORMAT = dwarf;
				ENABLE_STRICT_OBJC_MSGSEND = YES;
				ENABLE_TESTABILITY = YES;
				GCC_C_LANGUAGE_STANDARD = gnu11;
				GCC_DYNAMIC_NO_PIC = NO;
				GCC_NO_COMMON_BLOCKS = YES;
				GCC_OPTIMIZATION_LEVEL = 0;
				GCC_PREPROCESSOR_DEFINITIONS = (
					"DEBUG=1",
					"$(inherited)",
				);
				GCC_WARN_64_TO_32_BIT_CONVERSION = YES;
				GCC_WARN_ABOUT_RETURN_TYPE = YES_ERROR;
				GCC_WARN_UNDECLARED_SELECTOR = YES;
				GCC_WARN_UNINITIALIZED_AUTOS = YES_AGGRESSIVE;
				GCC_WARN_UNUSED_FUNCTION = YES;
				GCC_WARN_UNUSED_VARIABLE = YES;
				MTL_ENABLE_DEBUG_INFO = INCLUDE_SOURCE;
				MTL_FAST_MATH = YES;
				ONLY_ACTIVE_ARCH = YES;
				SWIFT_ACTIVE_COMPILATION_CONDITIONS = DEBUG;
				SWIFT_OPTIMIZATION_LEVEL = "-Onone";
			};
			name = Debug;
		};
		AA22B580285D93C600E1DD29 /* Release */ = {
			isa = XCBuildConfiguration;
			buildSettings = {
				ALWAYS_SEARCH_USER_PATHS = NO;
				CLANG_ANALYZER_NONNULL = YES;
				CLANG_ANALYZER_NUMBER_OBJECT_CONVERSION = YES_AGGRESSIVE;
				CLANG_CXX_LANGUAGE_STANDARD = "gnu++17";
				CLANG_ENABLE_MODULES = YES;
				CLANG_ENABLE_OBJC_ARC = YES;
				CLANG_ENABLE_OBJC_WEAK = YES;
				CLANG_WARN_BLOCK_CAPTURE_AUTORELEASING = YES;
				CLANG_WARN_BOOL_CONVERSION = YES;
				CLANG_WARN_COMMA = YES;
				CLANG_WARN_CONSTANT_CONVERSION = YES;
				CLANG_WARN_DEPRECATED_OBJC_IMPLEMENTATIONS = YES;
				CLANG_WARN_DIRECT_OBJC_ISA_USAGE = YES_ERROR;
				CLANG_WARN_DOCUMENTATION_COMMENTS = YES;
				CLANG_WARN_EMPTY_BODY = YES;
				CLANG_WARN_ENUM_CONVERSION = YES;
				CLANG_WARN_INFINITE_RECURSION = YES;
				CLANG_WARN_INT_CONVERSION = YES;
				CLANG_WARN_NON_LITERAL_NULL_CONVERSION = YES;
				CLANG_WARN_OBJC_IMPLICIT_RETAIN_SELF = YES;
				CLANG_WARN_OBJC_LITERAL_CONVERSION = YES;
				CLANG_WARN_OBJC_ROOT_CLASS = YES_ERROR;
				CLANG_WARN_QUOTED_INCLUDE_IN_FRAMEWORK_HEADER = YES;
				CLANG_WARN_RANGE_LOOP_ANALYSIS = YES;
				CLANG_WARN_STRICT_PROTOTYPES = YES;
				CLANG_WARN_SUSPICIOUS_MOVE = YES;
				CLANG_WARN_UNGUARDED_AVAILABILITY = YES_AGGRESSIVE;
				CLANG_WARN_UNREACHABLE_CODE = YES;
				CLANG_WARN__DUPLICATE_METHOD_MATCH = YES;
				COPY_PHASE_STRIP = NO;
				DEBUG_INFORMATION_FORMAT = "dwarf-with-dsym";
				ENABLE_NS_ASSERTIONS = NO;
				ENABLE_STRICT_OBJC_MSGSEND = YES;
				GCC_C_LANGUAGE_STANDARD = gnu11;
				GCC_NO_COMMON_BLOCKS = YES;
				GCC_WARN_64_TO_32_BIT_CONVERSION = YES;
				GCC_WARN_ABOUT_RETURN_TYPE = YES_ERROR;
				GCC_WARN_UNDECLARED_SELECTOR = YES;
				GCC_WARN_UNINITIALIZED_AUTOS = YES_AGGRESSIVE;
				GCC_WARN_UNUSED_FUNCTION = YES;
				GCC_WARN_UNUSED_VARIABLE = YES;
				MTL_ENABLE_DEBUG_INFO = NO;
				MTL_FAST_MATH = YES;
				SWIFT_COMPILATION_MODE = wholemodule;
				SWIFT_OPTIMIZATION_LEVEL = "-O";
			};
			name = Release;
		};
		AA22B582285D93C600E1DD29 /* Debug */ = {
			isa = XCBuildConfiguration;
			buildSettings = {
				ASSETCATALOG_COMPILER_APPICON_NAME = AppIcon;
				ASSETCATALOG_COMPILER_GLOBAL_ACCENT_COLOR_NAME = AccentColor;
				CODE_SIGN_STYLE = Automatic;
				CURRENT_PROJECT_VERSION = 1;
				DEVELOPMENT_TEAM = 3V4J8UNSS8;
				ENABLE_PREVIEWS = YES;
				GENERATE_INFOPLIST_FILE = YES;
				INFOPLIST_KEY_UIApplicationSceneManifest_Generation = YES;
				INFOPLIST_KEY_UIApplicationSupportsIndirectInputEvents = YES;
				INFOPLIST_KEY_UILaunchScreen_Generation = YES;
				INFOPLIST_KEY_UISupportedInterfaceOrientations_iPad = "UIInterfaceOrientationPortrait UIInterfaceOrientationPortraitUpsideDown UIInterfaceOrientationLandscapeLeft UIInterfaceOrientationLandscapeRight";
				INFOPLIST_KEY_UISupportedInterfaceOrientations_iPhone = "UIInterfaceOrientationPortrait UIInterfaceOrientationLandscapeLeft UIInterfaceOrientationLandscapeRight";
				IPHONEOS_DEPLOYMENT_TARGET = 15.5;
				LD_RUNPATH_SEARCH_PATHS = (
					"$(inherited)",
					"@executable_path/Frameworks",
				);
				MARKETING_VERSION = 1.0;
				PRODUCT_BUNDLE_IDENTIFIER = "com.steve-x-software.Anonymity";
				PRODUCT_NAME = Anonymity;
				SDKROOT = iphoneos;
				SWIFT_EMIT_LOC_STRINGS = YES;
				SWIFT_VERSION = 5.0;
				TARGETED_DEVICE_FAMILY = "1,2";
			};
			name = Debug;
		};
		AA22B583285D93C600E1DD29 /* Release */ = {
			isa = XCBuildConfiguration;
			buildSettings = {
				ASSETCATALOG_COMPILER_APPICON_NAME = AppIcon;
				ASSETCATALOG_COMPILER_GLOBAL_ACCENT_COLOR_NAME = AccentColor;
				CODE_SIGN_STYLE = Automatic;
				CURRENT_PROJECT_VERSION = 1;
				DEVELOPMENT_TEAM = 3V4J8UNSS8;
				ENABLE_PREVIEWS = YES;
				GENERATE_INFOPLIST_FILE = YES;
				INFOPLIST_KEY_UIApplicationSceneManifest_Generation = YES;
				INFOPLIST_KEY_UIApplicationSupportsIndirectInputEvents = YES;
				INFOPLIST_KEY_UILaunchScreen_Generation = YES;
				INFOPLIST_KEY_UISupportedInterfaceOrientations_iPad = "UIInterfaceOrientationPortrait UIInterfaceOrientationPortraitUpsideDown UIInterfaceOrientationLandscapeLeft UIInterfaceOrientationLandscapeRight";
				INFOPLIST_KEY_UISupportedInterfaceOrientations_iPhone = "UIInterfaceOrientationPortrait UIInterfaceOrientationLandscapeLeft UIInterfaceOrientationLandscapeRight";
				IPHONEOS_DEPLOYMENT_TARGET = 15.5;
				LD_RUNPATH_SEARCH_PATHS = (
					"$(inherited)",
					"@executable_path/Frameworks",
				);
				MARKETING_VERSION = 1.0;
				PRODUCT_BUNDLE_IDENTIFIER = "com.steve-x-software.Anonymity";
				PRODUCT_NAME = Anonymity;
				SDKROOT = iphoneos;
				SWIFT_EMIT_LOC_STRINGS = YES;
				SWIFT_VERSION = 5.0;
				TARGETED_DEVICE_FAMILY = "1,2";
				VALIDATE_PRODUCT = YES;
			};
			name = Release;
		};
		AA22B585285D93C600E1DD29 /* Debug */ = {
			isa = XCBuildConfiguration;
			buildSettings = {
				ASSETCATALOG_COMPILER_APPICON_NAME = AppIcon;
				ASSETCATALOG_COMPILER_GLOBAL_ACCENT_COLOR_NAME = AccentColor;
				CODE_SIGN_ENTITLEMENTS = macOS/macOS.entitlements;
				CODE_SIGN_STYLE = Automatic;
				COMBINE_HIDPI_IMAGES = YES;
				CURRENT_PROJECT_VERSION = 1;
				DEVELOPMENT_TEAM = 3V4J8UNSS8;
				ENABLE_HARDENED_RUNTIME = YES;
				ENABLE_PREVIEWS = YES;
				GENERATE_INFOPLIST_FILE = YES;
				INFOPLIST_KEY_NSHumanReadableCopyright = "";
				LD_RUNPATH_SEARCH_PATHS = (
					"$(inherited)",
					"@executable_path/../Frameworks",
				);
				MACOSX_DEPLOYMENT_TARGET = 12.3;
				MARKETING_VERSION = 1.0;
				PRODUCT_BUNDLE_IDENTIFIER = "com.steve-x-software.Anonymity";
				PRODUCT_NAME = Anonymity;
				SDKROOT = macosx;
				SWIFT_EMIT_LOC_STRINGS = YES;
				SWIFT_VERSION = 5.0;
			};
			name = Debug;
		};
		AA22B586285D93C600E1DD29 /* Release */ = {
			isa = XCBuildConfiguration;
			buildSettings = {
				ASSETCATALOG_COMPILER_APPICON_NAME = AppIcon;
				ASSETCATALOG_COMPILER_GLOBAL_ACCENT_COLOR_NAME = AccentColor;
				CODE_SIGN_ENTITLEMENTS = macOS/macOS.entitlements;
				CODE_SIGN_STYLE = Automatic;
				COMBINE_HIDPI_IMAGES = YES;
				CURRENT_PROJECT_VERSION = 1;
				DEVELOPMENT_TEAM = 3V4J8UNSS8;
				ENABLE_HARDENED_RUNTIME = YES;
				ENABLE_PREVIEWS = YES;
				GENERATE_INFOPLIST_FILE = YES;
				INFOPLIST_KEY_NSHumanReadableCopyright = "";
				LD_RUNPATH_SEARCH_PATHS = (
					"$(inherited)",
					"@executable_path/../Frameworks",
				);
				MACOSX_DEPLOYMENT_TARGET = 12.3;
				MARKETING_VERSION = 1.0;
				PRODUCT_BUNDLE_IDENTIFIER = "com.steve-x-software.Anonymity";
				PRODUCT_NAME = Anonymity;
				SDKROOT = macosx;
				SWIFT_EMIT_LOC_STRINGS = YES;
				SWIFT_VERSION = 5.0;
			};
			name = Release;
		};
		AA22B588285D93C600E1DD29 /* Debug */ = {
			isa = XCBuildConfiguration;
			buildSettings = {
				ALWAYS_EMBED_SWIFT_STANDARD_LIBRARIES = YES;
				CODE_SIGN_STYLE = Automatic;
				CURRENT_PROJECT_VERSION = 1;
				DEVELOPMENT_TEAM = 3V4J8UNSS8;
				GENERATE_INFOPLIST_FILE = YES;
				IPHONEOS_DEPLOYMENT_TARGET = 15.5;
				MARKETING_VERSION = 1.0;
				PRODUCT_BUNDLE_IDENTIFIER = "com.steve-x-software.Tests-iOS";
				PRODUCT_NAME = "$(TARGET_NAME)";
				SDKROOT = iphoneos;
				SWIFT_EMIT_LOC_STRINGS = NO;
				SWIFT_VERSION = 5.0;
				TARGETED_DEVICE_FAMILY = "1,2";
				TEST_TARGET_NAME = "Anonymity (iOS)";
			};
			name = Debug;
		};
		AA22B589285D93C600E1DD29 /* Release */ = {
			isa = XCBuildConfiguration;
			buildSettings = {
				ALWAYS_EMBED_SWIFT_STANDARD_LIBRARIES = YES;
				CODE_SIGN_STYLE = Automatic;
				CURRENT_PROJECT_VERSION = 1;
				DEVELOPMENT_TEAM = 3V4J8UNSS8;
				GENERATE_INFOPLIST_FILE = YES;
				IPHONEOS_DEPLOYMENT_TARGET = 15.5;
				MARKETING_VERSION = 1.0;
				PRODUCT_BUNDLE_IDENTIFIER = "com.steve-x-software.Tests-iOS";
				PRODUCT_NAME = "$(TARGET_NAME)";
				SDKROOT = iphoneos;
				SWIFT_EMIT_LOC_STRINGS = NO;
				SWIFT_VERSION = 5.0;
				TARGETED_DEVICE_FAMILY = "1,2";
				TEST_TARGET_NAME = "Anonymity (iOS)";
				VALIDATE_PRODUCT = YES;
			};
			name = Release;
		};
		AA22B58B285D93C600E1DD29 /* Debug */ = {
			isa = XCBuildConfiguration;
			buildSettings = {
				ALWAYS_EMBED_SWIFT_STANDARD_LIBRARIES = YES;
				CODE_SIGN_STYLE = Automatic;
				CURRENT_PROJECT_VERSION = 1;
				DEVELOPMENT_TEAM = 3V4J8UNSS8;
				GENERATE_INFOPLIST_FILE = YES;
				MACOSX_DEPLOYMENT_TARGET = 12.3;
				MARKETING_VERSION = 1.0;
				PRODUCT_BUNDLE_IDENTIFIER = "com.steve-x-software.Tests-macOS";
				PRODUCT_NAME = "$(TARGET_NAME)";
				SDKROOT = macosx;
				SWIFT_EMIT_LOC_STRINGS = NO;
				SWIFT_VERSION = 5.0;
				TEST_TARGET_NAME = "Anonymity (macOS)";
			};
			name = Debug;
		};
		AA22B58C285D93C600E1DD29 /* Release */ = {
			isa = XCBuildConfiguration;
			buildSettings = {
				ALWAYS_EMBED_SWIFT_STANDARD_LIBRARIES = YES;
				CODE_SIGN_STYLE = Automatic;
				CURRENT_PROJECT_VERSION = 1;
				DEVELOPMENT_TEAM = 3V4J8UNSS8;
				GENERATE_INFOPLIST_FILE = YES;
				MACOSX_DEPLOYMENT_TARGET = 12.3;
				MARKETING_VERSION = 1.0;
				PRODUCT_BUNDLE_IDENTIFIER = "com.steve-x-software.Tests-macOS";
				PRODUCT_NAME = "$(TARGET_NAME)";
				SDKROOT = macosx;
				SWIFT_EMIT_LOC_STRINGS = NO;
				SWIFT_VERSION = 5.0;
				TEST_TARGET_NAME = "Anonymity (macOS)";
			};
			name = Release;
		};
/* End XCBuildConfiguration section */

/* Begin XCConfigurationList section */
		AA22B548285D93C500E1DD29 /* Build configuration list for PBXProject "Anonymity" */ = {
			isa = XCConfigurationList;
			buildConfigurations = (
				AA22B57F285D93C600E1DD29 /* Debug */,
				AA22B580285D93C600E1DD29 /* Release */,
			);
			defaultConfigurationIsVisible = 0;
			defaultConfigurationName = Release;
		};
		AA22B581285D93C600E1DD29 /* Build configuration list for PBXNativeTarget "Anonymity (iOS)" */ = {
			isa = XCConfigurationList;
			buildConfigurations = (
				AA22B582285D93C600E1DD29 /* Debug */,
				AA22B583285D93C600E1DD29 /* Release */,
			);
			defaultConfigurationIsVisible = 0;
			defaultConfigurationName = Release;
		};
		AA22B584285D93C600E1DD29 /* Build configuration list for PBXNativeTarget "Anonymity (macOS)" */ = {
			isa = XCConfigurationList;
			buildConfigurations = (
				AA22B585285D93C600E1DD29 /* Debug */,
				AA22B586285D93C600E1DD29 /* Release */,
			);
			defaultConfigurationIsVisible = 0;
			defaultConfigurationName = Release;
		};
		AA22B587285D93C600E1DD29 /* Build configuration list for PBXNativeTarget "Tests iOS" */ = {
			isa = XCConfigurationList;
			buildConfigurations = (
				AA22B588285D93C600E1DD29 /* Debug */,
				AA22B589285D93C600E1DD29 /* Release */,
			);
			defaultConfigurationIsVisible = 0;
			defaultConfigurationName = Release;
		};
		AA22B58A285D93C600E1DD29 /* Build configuration list for PBXNativeTarget "Tests macOS" */ = {
			isa = XCConfigurationList;
			buildConfigurations = (
				AA22B58B285D93C600E1DD29 /* Debug */,
				AA22B58C285D93C600E1DD29 /* Release */,
			);
			defaultConfigurationIsVisible = 0;
			defaultConfigurationName = Release;
		};
/* End XCConfigurationList section */

/* Begin XCVersionGroup section */
		AA22B54A285D93C500E1DD29 /* Anonymity.xcdatamodeld */ = {
			isa = XCVersionGroup;
			children = (
				AA22B54B285D93C500E1DD29 /* Shared.xcdatamodel */,
			);
			currentVersion = AA22B54B285D93C500E1DD29 /* Shared.xcdatamodel */;
			path = Anonymity.xcdatamodeld;
			sourceTree = "<group>";
			versionGroupType = wrapper.xcdatamodel;
		};
/* End XCVersionGroup section */
	};
	rootObject = AA22B545285D93C500E1DD29 /* Project object */;
}
