// !$*UTF8*$!
{
	archiveVersion = 1;
	classes = {
	};
	objectVersion = 55;
	objects = {

/* Begin PBXBuildFile section */
		AA023BEF2887770E0095C6B1 /* ChatDataService.swift in Sources */ = {isa = PBXBuildFile; fileRef = AA023BEE2887770E0095C6B1 /* ChatDataService.swift */; };
		AA023BF128877A190095C6B1 /* MessageListViewModel.swift in Sources */ = {isa = PBXBuildFile; fileRef = AA023BF028877A190095C6B1 /* MessageListViewModel.swift */; };
		AA023BF328883D3A0095C6B1 /* UserAuthManager.swift in Sources */ = {isa = PBXBuildFile; fileRef = AA023BF228883D3A0095C6B1 /* UserAuthManager.swift */; };
		AA1F16CA287C860000842168 /* UserDataService.swift in Sources */ = {isa = PBXBuildFile; fileRef = AA1F16C9287C860000842168 /* UserDataService.swift */; };
		AA1F16CC287DC36D00842168 /* LoginView.swift in Sources */ = {isa = PBXBuildFile; fileRef = AA1F16CB287DC36D00842168 /* LoginView.swift */; };
		AA1F16CE287E296F00842168 /* ContactsViewModel.swift in Sources */ = {isa = PBXBuildFile; fileRef = AA1F16CD287E296F00842168 /* ContactsViewModel.swift */; };
		AA1F16D0287E419F00842168 /* Contact.swift in Sources */ = {isa = PBXBuildFile; fileRef = AA1F16CF287E419F00842168 /* Contact.swift */; };
		AA1F16D2287E45B000842168 /* ContactDataService.swift in Sources */ = {isa = PBXBuildFile; fileRef = AA1F16D1287E45B000842168 /* ContactDataService.swift */; };
		AA1F16D4287ED6D100842168 /* ContactsAddSheetView.swift in Sources */ = {isa = PBXBuildFile; fileRef = AA1F16D3287ED6D100842168 /* ContactsAddSheetView.swift */; };
		AA22B566285D93C600E1DD29 /* Tests_iOS.swift in Sources */ = {isa = PBXBuildFile; fileRef = AA22B565285D93C600E1DD29 /* Tests_iOS.swift */; };
		AA22B568285D93C600E1DD29 /* Tests_iOSLaunchTests.swift in Sources */ = {isa = PBXBuildFile; fileRef = AA22B567285D93C600E1DD29 /* Tests_iOSLaunchTests.swift */; };
		AA22B572285D93C600E1DD29 /* Tests_macOS.swift in Sources */ = {isa = PBXBuildFile; fileRef = AA22B571285D93C600E1DD29 /* Tests_macOS.swift */; };
		AA22B574285D93C600E1DD29 /* Tests_macOSLaunchTests.swift in Sources */ = {isa = PBXBuildFile; fileRef = AA22B573285D93C600E1DD29 /* Tests_macOSLaunchTests.swift */; };
		AA22B575285D93C600E1DD29 /* Anonymity.xcdatamodeld in Sources */ = {isa = PBXBuildFile; fileRef = AA22B54A285D93C500E1DD29 /* Anonymity.xcdatamodeld */; };
		AA22B576285D93C600E1DD29 /* Anonymity.xcdatamodeld in Sources */ = {isa = PBXBuildFile; fileRef = AA22B54A285D93C500E1DD29 /* Anonymity.xcdatamodeld */; };
		AA22B577285D93C600E1DD29 /* AnonymityApp.swift in Sources */ = {isa = PBXBuildFile; fileRef = AA22B54C285D93C500E1DD29 /* AnonymityApp.swift */; };
		AA22B578285D93C600E1DD29 /* AnonymityApp.swift in Sources */ = {isa = PBXBuildFile; fileRef = AA22B54C285D93C500E1DD29 /* AnonymityApp.swift */; };
		AA22B579285D93C600E1DD29 /* ContentView.swift in Sources */ = {isa = PBXBuildFile; fileRef = AA22B54D285D93C500E1DD29 /* ContentView.swift */; };
		AA22B57A285D93C600E1DD29 /* ContentView.swift in Sources */ = {isa = PBXBuildFile; fileRef = AA22B54D285D93C500E1DD29 /* ContentView.swift */; };
		AA22B57B285D93C600E1DD29 /* Persistence.swift in Sources */ = {isa = PBXBuildFile; fileRef = AA22B54E285D93C500E1DD29 /* Persistence.swift */; };
		AA22B57C285D93C600E1DD29 /* Persistence.swift in Sources */ = {isa = PBXBuildFile; fileRef = AA22B54E285D93C500E1DD29 /* Persistence.swift */; };
		AA22B57D285D93C600E1DD29 /* Assets.xcassets in Resources */ = {isa = PBXBuildFile; fileRef = AA22B54F285D93C600E1DD29 /* Assets.xcassets */; };
		AA22B57E285D93C600E1DD29 /* Assets.xcassets in Resources */ = {isa = PBXBuildFile; fileRef = AA22B54F285D93C600E1DD29 /* Assets.xcassets */; };
		AA263CD128B13BF700CDFFE4 /* FileDataService.swift in Sources */ = {isa = PBXBuildFile; fileRef = AA263CD028B13BF700CDFFE4 /* FileDataService.swift */; };
		AA263CD428B1575200CDFFE4 /* MessageBubbleSubView.swift in Sources */ = {isa = PBXBuildFile; fileRef = AA263CD328B1575200CDFFE4 /* MessageBubbleSubView.swift */; };
		AA263CD828B185AD00CDFFE4 /* File.swift in Sources */ = {isa = PBXBuildFile; fileRef = AA263CD728B185AD00CDFFE4 /* File.swift */; };
		AA263CDA28B1C71A00CDFFE4 /* UIApplication.swift in Sources */ = {isa = PBXBuildFile; fileRef = AA263CD928B1C71A00CDFFE4 /* UIApplication.swift */; };
		AA263CDC28B1CE9C00CDFFE4 /* DownloadProgressView.swift in Sources */ = {isa = PBXBuildFile; fileRef = AA263CDB28B1CE9C00CDFFE4 /* DownloadProgressView.swift */; };
		AA2875B828B596EB00AF137E /* CryotoManager_Tests.swift in Sources */ = {isa = PBXBuildFile; fileRef = AA2875B728B596EB00AF137E /* CryotoManager_Tests.swift */; };
		AA2A828D2891E641001D4CDA /* FirebaseAuth in Frameworks */ = {isa = PBXBuildFile; productRef = AA2A828C2891E641001D4CDA /* FirebaseAuth */; };
		AA2A828F2891E641001D4CDA /* FirebaseFirestore in Frameworks */ = {isa = PBXBuildFile; productRef = AA2A828E2891E641001D4CDA /* FirebaseFirestore */; };
		AA2A82912891E641001D4CDA /* FirebaseStorage in Frameworks */ = {isa = PBXBuildFile; productRef = AA2A82902891E641001D4CDA /* FirebaseStorage */; };
		AA2A82962895D911001D4CDA /* DicKeyManager.swift in Sources */ = {isa = PBXBuildFile; fileRef = AA2A82952895D911001D4CDA /* DicKeyManager.swift */; };
		AA2A82992895DFE6001D4CDA /* Dictionary.swift in Sources */ = {isa = PBXBuildFile; fileRef = AA2A82982895DFE6001D4CDA /* Dictionary.swift */; };
		AA44B780286527CA001691A3 /* User.swift in Sources */ = {isa = PBXBuildFile; fileRef = AA44B77F286527CA001691A3 /* User.swift */; };
		AA44B78228677AA9001691A3 /* Message.swift in Sources */ = {isa = PBXBuildFile; fileRef = AA44B78128677AA9001691A3 /* Message.swift */; };
		AA44B784286A65BE001691A3 /* MessageListView.swift in Sources */ = {isa = PBXBuildFile; fileRef = AA44B783286A65BE001691A3 /* MessageListView.swift */; };
		AA44B786286A845B001691A3 /* ChatView.swift in Sources */ = {isa = PBXBuildFile; fileRef = AA44B785286A845B001691A3 /* ChatView.swift */; };
		AA44B788286B65CB001691A3 /* Chat.swift in Sources */ = {isa = PBXBuildFile; fileRef = AA44B787286B65CB001691A3 /* Chat.swift */; };
		AA4E640128A56B0700E59455 /* CryptoManager.swift in Sources */ = {isa = PBXBuildFile; fileRef = AA4E640028A56B0700E59455 /* CryptoManager.swift */; };
		AA4E640328A5A55000E59455 /* PublicKeyDataService.swift in Sources */ = {isa = PBXBuildFile; fileRef = AA4E640228A5A55000E59455 /* PublicKeyDataService.swift */; };
		AA5A43E42874940100C47765 /* MessageDataService.swift in Sources */ = {isa = PBXBuildFile; fileRef = AA5A43E32874940100C47765 /* MessageDataService.swift */; };
		AA5A43E6287495D200C47765 /* ContactsView.swift in Sources */ = {isa = PBXBuildFile; fileRef = AA5A43E5287495D200C47765 /* ContactsView.swift */; };
		AA5A43E9287497BD00C47765 /* OnlineStatusView.swift in Sources */ = {isa = PBXBuildFile; fileRef = AA5A43E8287497BD00C47765 /* OnlineStatusView.swift */; };
		AA5A43EB28749EAD00C47765 /* HomePageView.swift in Sources */ = {isa = PBXBuildFile; fileRef = AA5A43EA28749EAD00C47765 /* HomePageView.swift */; };
		AA5A43ED2874A34900C47765 /* UserProfileView.swift in Sources */ = {isa = PBXBuildFile; fileRef = AA5A43EC2874A34900C47765 /* UserProfileView.swift */; };
		AA5A43EF2874D55300C47765 /* SettingsView.swift in Sources */ = {isa = PBXBuildFile; fileRef = AA5A43EE2874D55300C47765 /* SettingsView.swift */; };
		AA5A43F128750B5400C47765 /* AvatarView.swift in Sources */ = {isa = PBXBuildFile; fileRef = AA5A43F028750B5400C47765 /* AvatarView.swift */; };
		AA6E46A828A9C11C00CA31B8 /* UnitTests_iOS.swift in Sources */ = {isa = PBXBuildFile; fileRef = AA6E46A728A9C11C00CA31B8 /* UnitTests_iOS.swift */; };
		AA6E46B728A9C17000CA31B8 /* PublicKeyDataService_Tests.swift in Sources */ = {isa = PBXBuildFile; fileRef = AA6E46B628A9C17000CA31B8 /* PublicKeyDataService_Tests.swift */; };
		AA88372C28872B7F000C19FA /* GoogleService-Info.plist in Resources */ = {isa = PBXBuildFile; fileRef = AA88372B28872B7F000C19FA /* GoogleService-Info.plist */; };
		AA88372D28872B7F000C19FA /* GoogleService-Info.plist in Resources */ = {isa = PBXBuildFile; fileRef = AA88372B28872B7F000C19FA /* GoogleService-Info.plist */; };
		AA883730288745B2000C19FA /* FirebaseManager.swift in Sources */ = {isa = PBXBuildFile; fileRef = AA88372F288745B2000C19FA /* FirebaseManager.swift */; };
		AA883731288745B2000C19FA /* FirebaseManager.swift in Sources */ = {isa = PBXBuildFile; fileRef = AA88372F288745B2000C19FA /* FirebaseManager.swift */; };
		AACA2CFE28B477EE005B0FBA /* ClipboardSubView.swift in Sources */ = {isa = PBXBuildFile; fileRef = AACA2CFD28B477EE005B0FBA /* ClipboardSubView.swift */; };
		AAD9A0D1288F2CA1008A1F30 /* ChatViewModel.swift in Sources */ = {isa = PBXBuildFile; fileRef = AAD9A0D0288F2CA1008A1F30 /* ChatViewModel.swift */; };
		AAF7CCD728AAD18B00FFA189 /* ChatDataService_Tests.swift in Sources */ = {isa = PBXBuildFile; fileRef = AAF7CCD628AAD18B00FFA189 /* ChatDataService_Tests.swift */; };
/* End PBXBuildFile section */

/* Begin PBXContainerItemProxy section */
		AA22B562285D93C600E1DD29 /* PBXContainerItemProxy */ = {
			isa = PBXContainerItemProxy;
			containerPortal = AA22B545285D93C500E1DD29 /* Project object */;
			proxyType = 1;
			remoteGlobalIDString = AA22B553285D93C600E1DD29;
			remoteInfo = "Anonymity (iOS)";
		};
		AA22B56E285D93C600E1DD29 /* PBXContainerItemProxy */ = {
			isa = PBXContainerItemProxy;
			containerPortal = AA22B545285D93C500E1DD29 /* Project object */;
			proxyType = 1;
			remoteGlobalIDString = AA22B559285D93C600E1DD29;
			remoteInfo = "Anonymity (macOS)";
		};
		AA6E46A928A9C11C00CA31B8 /* PBXContainerItemProxy */ = {
			isa = PBXContainerItemProxy;
			containerPortal = AA22B545285D93C500E1DD29 /* Project object */;
			proxyType = 1;
			remoteGlobalIDString = AA22B553285D93C600E1DD29;
			remoteInfo = "Anonymity (iOS)";
		};
/* End PBXContainerItemProxy section */

/* Begin PBXFileReference section */
		AA023BEE2887770E0095C6B1 /* ChatDataService.swift */ = {isa = PBXFileReference; lastKnownFileType = sourcecode.swift; path = ChatDataService.swift; sourceTree = "<group>"; };
		AA023BF028877A190095C6B1 /* MessageListViewModel.swift */ = {isa = PBXFileReference; lastKnownFileType = sourcecode.swift; path = MessageListViewModel.swift; sourceTree = "<group>"; };
		AA023BF228883D3A0095C6B1 /* UserAuthManager.swift */ = {isa = PBXFileReference; lastKnownFileType = sourcecode.swift; path = UserAuthManager.swift; sourceTree = "<group>"; };
		AA1F16C9287C860000842168 /* UserDataService.swift */ = {isa = PBXFileReference; lastKnownFileType = sourcecode.swift; path = UserDataService.swift; sourceTree = "<group>"; };
		AA1F16CB287DC36D00842168 /* LoginView.swift */ = {isa = PBXFileReference; lastKnownFileType = sourcecode.swift; path = LoginView.swift; sourceTree = "<group>"; };
		AA1F16CD287E296F00842168 /* ContactsViewModel.swift */ = {isa = PBXFileReference; lastKnownFileType = sourcecode.swift; path = ContactsViewModel.swift; sourceTree = "<group>"; };
		AA1F16CF287E419F00842168 /* Contact.swift */ = {isa = PBXFileReference; lastKnownFileType = sourcecode.swift; path = Contact.swift; sourceTree = "<group>"; };
		AA1F16D1287E45B000842168 /* ContactDataService.swift */ = {isa = PBXFileReference; lastKnownFileType = sourcecode.swift; path = ContactDataService.swift; sourceTree = "<group>"; };
		AA1F16D3287ED6D100842168 /* ContactsAddSheetView.swift */ = {isa = PBXFileReference; lastKnownFileType = sourcecode.swift; path = ContactsAddSheetView.swift; sourceTree = "<group>"; };
		AA22B54B285D93C500E1DD29 /* Shared.xcdatamodel */ = {isa = PBXFileReference; lastKnownFileType = wrapper.xcdatamodel; path = Shared.xcdatamodel; sourceTree = "<group>"; };
		AA22B54C285D93C500E1DD29 /* AnonymityApp.swift */ = {isa = PBXFileReference; lastKnownFileType = sourcecode.swift; path = AnonymityApp.swift; sourceTree = "<group>"; };
		AA22B54D285D93C500E1DD29 /* ContentView.swift */ = {isa = PBXFileReference; lastKnownFileType = sourcecode.swift; path = ContentView.swift; sourceTree = "<group>"; };
		AA22B54E285D93C500E1DD29 /* Persistence.swift */ = {isa = PBXFileReference; lastKnownFileType = sourcecode.swift; path = Persistence.swift; sourceTree = "<group>"; };
		AA22B54F285D93C600E1DD29 /* Assets.xcassets */ = {isa = PBXFileReference; lastKnownFileType = folder.assetcatalog; path = Assets.xcassets; sourceTree = "<group>"; };
		AA22B554285D93C600E1DD29 /* Anonymity.app */ = {isa = PBXFileReference; explicitFileType = wrapper.application; includeInIndex = 0; path = Anonymity.app; sourceTree = BUILT_PRODUCTS_DIR; };
		AA22B55A285D93C600E1DD29 /* Anonymity.app */ = {isa = PBXFileReference; explicitFileType = wrapper.application; includeInIndex = 0; path = Anonymity.app; sourceTree = BUILT_PRODUCTS_DIR; };
		AA22B55C285D93C600E1DD29 /* macOS.entitlements */ = {isa = PBXFileReference; lastKnownFileType = text.plist.entitlements; path = macOS.entitlements; sourceTree = "<group>"; };
		AA22B561285D93C600E1DD29 /* Tests iOS.xctest */ = {isa = PBXFileReference; explicitFileType = wrapper.cfbundle; includeInIndex = 0; path = "Tests iOS.xctest"; sourceTree = BUILT_PRODUCTS_DIR; };
		AA22B565285D93C600E1DD29 /* Tests_iOS.swift */ = {isa = PBXFileReference; lastKnownFileType = sourcecode.swift; path = Tests_iOS.swift; sourceTree = "<group>"; };
		AA22B567285D93C600E1DD29 /* Tests_iOSLaunchTests.swift */ = {isa = PBXFileReference; lastKnownFileType = sourcecode.swift; path = Tests_iOSLaunchTests.swift; sourceTree = "<group>"; };
		AA22B56D285D93C600E1DD29 /* Tests macOS.xctest */ = {isa = PBXFileReference; explicitFileType = wrapper.cfbundle; includeInIndex = 0; path = "Tests macOS.xctest"; sourceTree = BUILT_PRODUCTS_DIR; };
		AA22B571285D93C600E1DD29 /* Tests_macOS.swift */ = {isa = PBXFileReference; lastKnownFileType = sourcecode.swift; path = Tests_macOS.swift; sourceTree = "<group>"; };
		AA22B573285D93C600E1DD29 /* Tests_macOSLaunchTests.swift */ = {isa = PBXFileReference; lastKnownFileType = sourcecode.swift; path = Tests_macOSLaunchTests.swift; sourceTree = "<group>"; };
		AA263CD028B13BF700CDFFE4 /* FileDataService.swift */ = {isa = PBXFileReference; lastKnownFileType = sourcecode.swift; path = FileDataService.swift; sourceTree = "<group>"; };
		AA263CD328B1575200CDFFE4 /* MessageBubbleSubView.swift */ = {isa = PBXFileReference; lastKnownFileType = sourcecode.swift; path = MessageBubbleSubView.swift; sourceTree = "<group>"; };
		AA263CD528B16F9F00CDFFE4 /* README.md */ = {isa = PBXFileReference; fileEncoding = 4; lastKnownFileType = net.daringfireball.markdown; name = README.md; path = ../../README.md; sourceTree = "<group>"; };
		AA263CD728B185AD00CDFFE4 /* File.swift */ = {isa = PBXFileReference; lastKnownFileType = sourcecode.swift; path = File.swift; sourceTree = "<group>"; };
		AA263CD928B1C71A00CDFFE4 /* UIApplication.swift */ = {isa = PBXFileReference; lastKnownFileType = sourcecode.swift; path = UIApplication.swift; sourceTree = "<group>"; };
		AA263CDB28B1CE9C00CDFFE4 /* DownloadProgressView.swift */ = {isa = PBXFileReference; lastKnownFileType = sourcecode.swift; path = DownloadProgressView.swift; sourceTree = "<group>"; };
		AA2875B728B596EB00AF137E /* CryotoManager_Tests.swift */ = {isa = PBXFileReference; lastKnownFileType = sourcecode.swift; path = CryotoManager_Tests.swift; sourceTree = "<group>"; };
		AA2A82952895D911001D4CDA /* DicKeyManager.swift */ = {isa = PBXFileReference; lastKnownFileType = sourcecode.swift; path = DicKeyManager.swift; sourceTree = "<group>"; };
		AA2A82982895DFE6001D4CDA /* Dictionary.swift */ = {isa = PBXFileReference; lastKnownFileType = sourcecode.swift; path = Dictionary.swift; sourceTree = "<group>"; };
		AA44B77F286527CA001691A3 /* User.swift */ = {isa = PBXFileReference; lastKnownFileType = sourcecode.swift; path = User.swift; sourceTree = "<group>"; };
		AA44B78128677AA9001691A3 /* Message.swift */ = {isa = PBXFileReference; lastKnownFileType = sourcecode.swift; path = Message.swift; sourceTree = "<group>"; };
		AA44B783286A65BE001691A3 /* MessageListView.swift */ = {isa = PBXFileReference; lastKnownFileType = sourcecode.swift; path = MessageListView.swift; sourceTree = "<group>"; };
		AA44B785286A845B001691A3 /* ChatView.swift */ = {isa = PBXFileReference; lastKnownFileType = sourcecode.swift; path = ChatView.swift; sourceTree = "<group>"; };
		AA44B787286B65CB001691A3 /* Chat.swift */ = {isa = PBXFileReference; lastKnownFileType = sourcecode.swift; path = Chat.swift; sourceTree = "<group>"; };
		AA4E640028A56B0700E59455 /* CryptoManager.swift */ = {isa = PBXFileReference; lastKnownFileType = sourcecode.swift; path = CryptoManager.swift; sourceTree = "<group>"; };
		AA4E640228A5A55000E59455 /* PublicKeyDataService.swift */ = {isa = PBXFileReference; lastKnownFileType = sourcecode.swift; path = PublicKeyDataService.swift; sourceTree = "<group>"; };
		AA5A43E32874940100C47765 /* MessageDataService.swift */ = {isa = PBXFileReference; lastKnownFileType = sourcecode.swift; path = MessageDataService.swift; sourceTree = "<group>"; };
		AA5A43E5287495D200C47765 /* ContactsView.swift */ = {isa = PBXFileReference; lastKnownFileType = sourcecode.swift; path = ContactsView.swift; sourceTree = "<group>"; };
		AA5A43E8287497BD00C47765 /* OnlineStatusView.swift */ = {isa = PBXFileReference; lastKnownFileType = sourcecode.swift; path = OnlineStatusView.swift; sourceTree = "<group>"; };
		AA5A43EA28749EAD00C47765 /* HomePageView.swift */ = {isa = PBXFileReference; lastKnownFileType = sourcecode.swift; path = HomePageView.swift; sourceTree = "<group>"; };
		AA5A43EC2874A34900C47765 /* UserProfileView.swift */ = {isa = PBXFileReference; lastKnownFileType = sourcecode.swift; path = UserProfileView.swift; sourceTree = "<group>"; };
		AA5A43EE2874D55300C47765 /* SettingsView.swift */ = {isa = PBXFileReference; lastKnownFileType = sourcecode.swift; path = SettingsView.swift; sourceTree = "<group>"; };
		AA5A43F028750B5400C47765 /* AvatarView.swift */ = {isa = PBXFileReference; lastKnownFileType = sourcecode.swift; path = AvatarView.swift; sourceTree = "<group>"; };
		AA6E46A528A9C11C00CA31B8 /* UnitTests iOS.xctest */ = {isa = PBXFileReference; explicitFileType = wrapper.cfbundle; includeInIndex = 0; path = "UnitTests iOS.xctest"; sourceTree = BUILT_PRODUCTS_DIR; };
		AA6E46A728A9C11C00CA31B8 /* UnitTests_iOS.swift */ = {isa = PBXFileReference; lastKnownFileType = sourcecode.swift; path = UnitTests_iOS.swift; sourceTree = "<group>"; };
		AA6E46B628A9C17000CA31B8 /* PublicKeyDataService_Tests.swift */ = {isa = PBXFileReference; lastKnownFileType = sourcecode.swift; path = PublicKeyDataService_Tests.swift; sourceTree = "<group>"; };
		AA88372B28872B7F000C19FA /* GoogleService-Info.plist */ = {isa = PBXFileReference; fileEncoding = 4; lastKnownFileType = text.plist.xml; path = "GoogleService-Info.plist"; sourceTree = "<group>"; };
		AA88372F288745B2000C19FA /* FirebaseManager.swift */ = {isa = PBXFileReference; lastKnownFileType = sourcecode.swift; path = FirebaseManager.swift; sourceTree = "<group>"; };
		AACA2CFD28B477EE005B0FBA /* ClipboardSubView.swift */ = {isa = PBXFileReference; lastKnownFileType = sourcecode.swift; path = ClipboardSubView.swift; sourceTree = "<group>"; };
		AAD9A0D0288F2CA1008A1F30 /* ChatViewModel.swift */ = {isa = PBXFileReference; lastKnownFileType = sourcecode.swift; path = ChatViewModel.swift; sourceTree = "<group>"; };
		AAF7CCD528AA97AA00FFA189 /* Cryptography.playground */ = {isa = PBXFileReference; lastKnownFileType = file.playground; path = Cryptography.playground; sourceTree = "<group>"; xcLanguageSpecificationIdentifier = xcode.lang.swift; };
		AAF7CCD628AAD18B00FFA189 /* ChatDataService_Tests.swift */ = {isa = PBXFileReference; lastKnownFileType = sourcecode.swift; path = ChatDataService_Tests.swift; sourceTree = "<group>"; };
/* End PBXFileReference section */

/* Begin PBXFrameworksBuildPhase section */
		AA22B551285D93C600E1DD29 /* Frameworks */ = {
			isa = PBXFrameworksBuildPhase;
			buildActionMask = 2147483647;
			files = (
				AA2A828D2891E641001D4CDA /* FirebaseAuth in Frameworks */,
				AA2A828F2891E641001D4CDA /* FirebaseFirestore in Frameworks */,
				AA2A82912891E641001D4CDA /* FirebaseStorage in Frameworks */,
			);
			runOnlyForDeploymentPostprocessing = 0;
		};
		AA22B557285D93C600E1DD29 /* Frameworks */ = {
			isa = PBXFrameworksBuildPhase;
			buildActionMask = 2147483647;
			files = (
			);
			runOnlyForDeploymentPostprocessing = 0;
		};
		AA22B55E285D93C600E1DD29 /* Frameworks */ = {
			isa = PBXFrameworksBuildPhase;
			buildActionMask = 2147483647;
			files = (
			);
			runOnlyForDeploymentPostprocessing = 0;
		};
		AA22B56A285D93C600E1DD29 /* Frameworks */ = {
			isa = PBXFrameworksBuildPhase;
			buildActionMask = 2147483647;
			files = (
			);
			runOnlyForDeploymentPostprocessing = 0;
		};
		AA6E46A228A9C11C00CA31B8 /* Frameworks */ = {
			isa = PBXFrameworksBuildPhase;
			buildActionMask = 2147483647;
			files = (
			);
			runOnlyForDeploymentPostprocessing = 0;
		};
/* End PBXFrameworksBuildPhase section */

/* Begin PBXGroup section */
		AA22B544285D93C500E1DD29 = {
			isa = PBXGroup;
			children = (
				AA263CD528B16F9F00CDFFE4 /* README.md */,
				AA22B549285D93C500E1DD29 /* Shared */,
				AA22B55B285D93C600E1DD29 /* macOS */,
				AAF7CCD428AA974F00FFA189 /* Playgrounds */,
				AA6E46A628A9C11C00CA31B8 /* UnitTests iOS */,
				AA22B564285D93C600E1DD29 /* Tests iOS */,
				AA22B570285D93C600E1DD29 /* Tests macOS */,
				AA22B555285D93C600E1DD29 /* Products */,
				AA6E46AE28A9C14400CA31B8 /* Frameworks */,
			);
			sourceTree = "<group>";
		};
		AA22B549285D93C500E1DD29 /* Shared */ = {
			isa = PBXGroup;
			children = (
				AA22B54C285D93C500E1DD29 /* AnonymityApp.swift */,
				AA44B77C286524BD001691A3 /* Models */,
				AA5A43E22874922200C47765 /* DataServices */,
				AA44B77E286524D1001691A3 /* ViewModels */,
				AA44B77D286524CA001691A3 /* Views */,
				AA88372E2887457A000C19FA /* Managers */,
				AA2A82972895DFA3001D4CDA /* Extensions */,
				AA22B54E285D93C500E1DD29 /* Persistence.swift */,
				AA22B54F285D93C600E1DD29 /* Assets.xcassets */,
				AA22B54A285D93C500E1DD29 /* Anonymity.xcdatamodeld */,
				AA88372B28872B7F000C19FA /* GoogleService-Info.plist */,
			);
			path = Shared;
			sourceTree = "<group>";
		};
		AA22B555285D93C600E1DD29 /* Products */ = {
			isa = PBXGroup;
			children = (
				AA22B554285D93C600E1DD29 /* Anonymity.app */,
				AA22B55A285D93C600E1DD29 /* Anonymity.app */,
				AA22B561285D93C600E1DD29 /* Tests iOS.xctest */,
				AA22B56D285D93C600E1DD29 /* Tests macOS.xctest */,
				AA6E46A528A9C11C00CA31B8 /* UnitTests iOS.xctest */,
			);
			name = Products;
			sourceTree = "<group>";
		};
		AA22B55B285D93C600E1DD29 /* macOS */ = {
			isa = PBXGroup;
			children = (
				AA22B55C285D93C600E1DD29 /* macOS.entitlements */,
			);
			path = macOS;
			sourceTree = "<group>";
		};
		AA22B564285D93C600E1DD29 /* Tests iOS */ = {
			isa = PBXGroup;
			children = (
				AA22B565285D93C600E1DD29 /* Tests_iOS.swift */,
				AA22B567285D93C600E1DD29 /* Tests_iOSLaunchTests.swift */,
			);
			path = "Tests iOS";
			sourceTree = "<group>";
		};
		AA22B570285D93C600E1DD29 /* Tests macOS */ = {
			isa = PBXGroup;
			children = (
				AA22B571285D93C600E1DD29 /* Tests_macOS.swift */,
				AA22B573285D93C600E1DD29 /* Tests_macOSLaunchTests.swift */,
			);
			path = "Tests macOS";
			sourceTree = "<group>";
		};
		AA263CD228B156CC00CDFFE4 /* Chat */ = {
			isa = PBXGroup;
			children = (
				AA44B785286A845B001691A3 /* ChatView.swift */,
				AA263CD328B1575200CDFFE4 /* MessageBubbleSubView.swift */,
				AA263CDB28B1CE9C00CDFFE4 /* DownloadProgressView.swift */,
			);
			path = Chat;
			sourceTree = "<group>";
		};
		AA2875B628B596A500AF137E /* Managers_Tests */ = {
			isa = PBXGroup;
			children = (
				AA2875B728B596EB00AF137E /* CryotoManager_Tests.swift */,
			);
			path = Managers_Tests;
			sourceTree = "<group>";
		};
		AA2A82972895DFA3001D4CDA /* Extensions */ = {
			isa = PBXGroup;
			children = (
				AA2A82982895DFE6001D4CDA /* Dictionary.swift */,
				AA263CD928B1C71A00CDFFE4 /* UIApplication.swift */,
			);
			path = Extensions;
			sourceTree = "<group>";
		};
		AA44B77C286524BD001691A3 /* Models */ = {
			isa = PBXGroup;
			children = (
				AA44B77F286527CA001691A3 /* User.swift */,
				AA44B78128677AA9001691A3 /* Message.swift */,
				AA44B787286B65CB001691A3 /* Chat.swift */,
				AA1F16CF287E419F00842168 /* Contact.swift */,
				AA263CD728B185AD00CDFFE4 /* File.swift */,
			);
			path = Models;
			sourceTree = "<group>";
		};
		AA44B77D286524CA001691A3 /* Views */ = {
			isa = PBXGroup;
			children = (
				AA5A43EA28749EAD00C47765 /* HomePageView.swift */,
				AA22B54D285D93C500E1DD29 /* ContentView.swift */,
				AA5A43E72874976400C47765 /* Components */,
				AA263CD228B156CC00CDFFE4 /* Chat */,
				AA44B783286A65BE001691A3 /* MessageListView.swift */,
				AA5A43E5287495D200C47765 /* ContactsView.swift */,
				AA5A43EC2874A34900C47765 /* UserProfileView.swift */,
				AA5A43EE2874D55300C47765 /* SettingsView.swift */,
				AA1F16CB287DC36D00842168 /* LoginView.swift */,
			);
			path = Views;
			sourceTree = "<group>";
		};
		AA44B77E286524D1001691A3 /* ViewModels */ = {
			isa = PBXGroup;
			children = (
				AA1F16CD287E296F00842168 /* ContactsViewModel.swift */,
				AA023BF028877A190095C6B1 /* MessageListViewModel.swift */,
				AAD9A0D0288F2CA1008A1F30 /* ChatViewModel.swift */,
			);
			path = ViewModels;
			sourceTree = "<group>";
		};
		AA5A43E22874922200C47765 /* DataServices */ = {
			isa = PBXGroup;
			children = (
				AA5A43E32874940100C47765 /* MessageDataService.swift */,
				AA1F16C9287C860000842168 /* UserDataService.swift */,
				AA1F16D1287E45B000842168 /* ContactDataService.swift */,
				AA023BEE2887770E0095C6B1 /* ChatDataService.swift */,
				AA4E640228A5A55000E59455 /* PublicKeyDataService.swift */,
				AA263CD028B13BF700CDFFE4 /* FileDataService.swift */,
			);
			path = DataServices;
			sourceTree = "<group>";
		};
		AA5A43E72874976400C47765 /* Components */ = {
			isa = PBXGroup;
			children = (
				AA5A43E8287497BD00C47765 /* OnlineStatusView.swift */,
				AA5A43F028750B5400C47765 /* AvatarView.swift */,
				AA1F16D3287ED6D100842168 /* ContactsAddSheetView.swift */,
				AACA2CFD28B477EE005B0FBA /* ClipboardSubView.swift */,
			);
			path = Components;
			sourceTree = "<group>";
		};
		AA6E46A628A9C11C00CA31B8 /* UnitTests iOS */ = {
			isa = PBXGroup;
			children = (
				AA6E46B528A9C15100CA31B8 /* DataServices_Tests */,
				AA2875B628B596A500AF137E /* Managers_Tests */,
				AA6E46A728A9C11C00CA31B8 /* UnitTests_iOS.swift */,
			);
			path = "UnitTests iOS";
			sourceTree = "<group>";
		};
		AA6E46AE28A9C14400CA31B8 /* Frameworks */ = {
			isa = PBXGroup;
			children = (
			);
			name = Frameworks;
			sourceTree = "<group>";
		};
		AA6E46B528A9C15100CA31B8 /* DataServices_Tests */ = {
			isa = PBXGroup;
			children = (
				AA6E46B628A9C17000CA31B8 /* PublicKeyDataService_Tests.swift */,
				AAF7CCD628AAD18B00FFA189 /* ChatDataService_Tests.swift */,
			);
			path = DataServices_Tests;
			sourceTree = "<group>";
		};
		AA88372E2887457A000C19FA /* Managers */ = {
			isa = PBXGroup;
			children = (
				AA88372F288745B2000C19FA /* FirebaseManager.swift */,
				AA023BF228883D3A0095C6B1 /* UserAuthManager.swift */,
				AA2A82952895D911001D4CDA /* DicKeyManager.swift */,
				AA4E640028A56B0700E59455 /* CryptoManager.swift */,
			);
			path = Managers;
			sourceTree = "<group>";
		};
		AAF7CCD428AA974F00FFA189 /* Playgrounds */ = {
			isa = PBXGroup;
			children = (
				AAF7CCD528AA97AA00FFA189 /* Cryptography.playground */,
			);
			path = Playgrounds;
			sourceTree = "<group>";
		};
/* End PBXGroup section */

/* Begin PBXNativeTarget section */
		AA22B553285D93C600E1DD29 /* Anonymity (iOS) */ = {
			isa = PBXNativeTarget;
			buildConfigurationList = AA22B581285D93C600E1DD29 /* Build configuration list for PBXNativeTarget "Anonymity (iOS)" */;
			buildPhases = (
				AA22B550285D93C600E1DD29 /* Sources */,
				AA22B551285D93C600E1DD29 /* Frameworks */,
				AA22B552285D93C600E1DD29 /* Resources */,
			);
			buildRules = (
			);
			dependencies = (
			);
			name = "Anonymity (iOS)";
			packageProductDependencies = (
				AA2A828C2891E641001D4CDA /* FirebaseAuth */,
				AA2A828E2891E641001D4CDA /* FirebaseFirestore */,
				AA2A82902891E641001D4CDA /* FirebaseStorage */,
			);
			productName = "Anonymity (iOS)";
			productReference = AA22B554285D93C600E1DD29 /* Anonymity.app */;
			productType = "com.apple.product-type.application";
		};
		AA22B559285D93C600E1DD29 /* Anonymity (macOS) */ = {
			isa = PBXNativeTarget;
			buildConfigurationList = AA22B584285D93C600E1DD29 /* Build configuration list for PBXNativeTarget "Anonymity (macOS)" */;
			buildPhases = (
				AA22B556285D93C600E1DD29 /* Sources */,
				AA22B557285D93C600E1DD29 /* Frameworks */,
				AA22B558285D93C600E1DD29 /* Resources */,
			);
			buildRules = (
			);
			dependencies = (
			);
			name = "Anonymity (macOS)";
			productName = "Anonymity (macOS)";
			productReference = AA22B55A285D93C600E1DD29 /* Anonymity.app */;
			productType = "com.apple.product-type.application";
		};
		AA22B560285D93C600E1DD29 /* Tests iOS */ = {
			isa = PBXNativeTarget;
			buildConfigurationList = AA22B587285D93C600E1DD29 /* Build configuration list for PBXNativeTarget "Tests iOS" */;
			buildPhases = (
				AA22B55D285D93C600E1DD29 /* Sources */,
				AA22B55E285D93C600E1DD29 /* Frameworks */,
				AA22B55F285D93C600E1DD29 /* Resources */,
			);
			buildRules = (
			);
			dependencies = (
				AA22B563285D93C600E1DD29 /* PBXTargetDependency */,
			);
			name = "Tests iOS";
			productName = "Tests iOS";
			productReference = AA22B561285D93C600E1DD29 /* Tests iOS.xctest */;
			productType = "com.apple.product-type.bundle.ui-testing";
		};
		AA22B56C285D93C600E1DD29 /* Tests macOS */ = {
			isa = PBXNativeTarget;
			buildConfigurationList = AA22B58A285D93C600E1DD29 /* Build configuration list for PBXNativeTarget "Tests macOS" */;
			buildPhases = (
				AA22B569285D93C600E1DD29 /* Sources */,
				AA22B56A285D93C600E1DD29 /* Frameworks */,
				AA22B56B285D93C600E1DD29 /* Resources */,
			);
			buildRules = (
			);
			dependencies = (
				AA22B56F285D93C600E1DD29 /* PBXTargetDependency */,
			);
			name = "Tests macOS";
			packageProductDependencies = (
			);
			productName = "Tests macOS";
			productReference = AA22B56D285D93C600E1DD29 /* Tests macOS.xctest */;
			productType = "com.apple.product-type.bundle.ui-testing";
		};
		AA6E46A428A9C11C00CA31B8 /* UnitTests iOS */ = {
			isa = PBXNativeTarget;
			buildConfigurationList = AA6E46AD28A9C11C00CA31B8 /* Build configuration list for PBXNativeTarget "UnitTests iOS" */;
			buildPhases = (
				AA6E46A128A9C11C00CA31B8 /* Sources */,
				AA6E46A228A9C11C00CA31B8 /* Frameworks */,
				AA6E46A328A9C11C00CA31B8 /* Resources */,
			);
			buildRules = (
			);
			dependencies = (
				AA6E46AA28A9C11C00CA31B8 /* PBXTargetDependency */,
			);
			name = "UnitTests iOS";
			packageProductDependencies = (
			);
			productName = "UnitTests iOS";
			productReference = AA6E46A528A9C11C00CA31B8 /* UnitTests iOS.xctest */;
			productType = "com.apple.product-type.bundle.unit-test";
		};
/* End PBXNativeTarget section */

/* Begin PBXProject section */
		AA22B545285D93C500E1DD29 /* Project object */ = {
			isa = PBXProject;
			attributes = {
				BuildIndependentTargetsInParallel = 1;
				LastSwiftUpdateCheck = 1340;
				LastUpgradeCheck = 1340;
				TargetAttributes = {
					AA22B553285D93C600E1DD29 = {
						CreatedOnToolsVersion = 13.4.1;
					};
					AA22B559285D93C600E1DD29 = {
						CreatedOnToolsVersion = 13.4.1;
					};
					AA22B560285D93C600E1DD29 = {
						CreatedOnToolsVersion = 13.4.1;
						TestTargetID = AA22B553285D93C600E1DD29;
					};
					AA22B56C285D93C600E1DD29 = {
						CreatedOnToolsVersion = 13.4.1;
						TestTargetID = AA22B559285D93C600E1DD29;
					};
					AA6E46A428A9C11C00CA31B8 = {
						CreatedOnToolsVersion = 13.4.1;
						TestTargetID = AA22B553285D93C600E1DD29;
					};
				};
			};
			buildConfigurationList = AA22B548285D93C500E1DD29 /* Build configuration list for PBXProject "Anonymity" */;
			compatibilityVersion = "Xcode 13.0";
			developmentRegion = en;
			hasScannedForEncodings = 0;
			knownRegions = (
				en,
				Base,
			);
			mainGroup = AA22B544285D93C500E1DD29;
			packageReferences = (
				AA023BE7288768B50095C6B1 /* XCRemoteSwiftPackageReference "firebase-ios-sdk" */,
			);
			productRefGroup = AA22B555285D93C600E1DD29 /* Products */;
			projectDirPath = "";
			projectRoot = "";
			targets = (
				AA22B553285D93C600E1DD29 /* Anonymity (iOS) */,
				AA22B559285D93C600E1DD29 /* Anonymity (macOS) */,
				AA6E46A428A9C11C00CA31B8 /* UnitTests iOS */,
				AA22B560285D93C600E1DD29 /* Tests iOS */,
				AA22B56C285D93C600E1DD29 /* Tests macOS */,
			);
		};
/* End PBXProject section */

/* Begin PBXResourcesBuildPhase section */
		AA22B552285D93C600E1DD29 /* Resources */ = {
			isa = PBXResourcesBuildPhase;
			buildActionMask = 2147483647;
			files = (
				AA22B57D285D93C600E1DD29 /* Assets.xcassets in Resources */,
				AA88372C28872B7F000C19FA /* GoogleService-Info.plist in Resources */,
			);
			runOnlyForDeploymentPostprocessing = 0;
		};
		AA22B558285D93C600E1DD29 /* Resources */ = {
			isa = PBXResourcesBuildPhase;
			buildActionMask = 2147483647;
			files = (
				AA22B57E285D93C600E1DD29 /* Assets.xcassets in Resources */,
				AA88372D28872B7F000C19FA /* GoogleService-Info.plist in Resources */,
			);
			runOnlyForDeploymentPostprocessing = 0;
		};
		AA22B55F285D93C600E1DD29 /* Resources */ = {
			isa = PBXResourcesBuildPhase;
			buildActionMask = 2147483647;
			files = (
			);
			runOnlyForDeploymentPostprocessing = 0;
		};
		AA22B56B285D93C600E1DD29 /* Resources */ = {
			isa = PBXResourcesBuildPhase;
			buildActionMask = 2147483647;
			files = (
			);
			runOnlyForDeploymentPostprocessing = 0;
		};
		AA6E46A328A9C11C00CA31B8 /* Resources */ = {
			isa = PBXResourcesBuildPhase;
			buildActionMask = 2147483647;
			files = (
			);
			runOnlyForDeploymentPostprocessing = 0;
		};
/* End PBXResourcesBuildPhase section */

/* Begin PBXSourcesBuildPhase section */
		AA22B550285D93C600E1DD29 /* Sources */ = {
			isa = PBXSourcesBuildPhase;
			buildActionMask = 2147483647;
			files = (
				AA5A43EF2874D55300C47765 /* SettingsView.swift in Sources */,
				AA22B577285D93C600E1DD29 /* AnonymityApp.swift in Sources */,
				AA5A43EB28749EAD00C47765 /* HomePageView.swift in Sources */,
				AA44B784286A65BE001691A3 /* MessageListView.swift in Sources */,
				AA4E640328A5A55000E59455 /* PublicKeyDataService.swift in Sources */,
				AA22B57B285D93C600E1DD29 /* Persistence.swift in Sources */,
				AACA2CFE28B477EE005B0FBA /* ClipboardSubView.swift in Sources */,
				AA1F16D4287ED6D100842168 /* ContactsAddSheetView.swift in Sources */,
				AA1F16CE287E296F00842168 /* ContactsViewModel.swift in Sources */,
				AA263CDA28B1C71A00CDFFE4 /* UIApplication.swift in Sources */,
				AAD9A0D1288F2CA1008A1F30 /* ChatViewModel.swift in Sources */,
				AA023BF128877A190095C6B1 /* MessageListViewModel.swift in Sources */,
				AA5A43F128750B5400C47765 /* AvatarView.swift in Sources */,
				AA263CD828B185AD00CDFFE4 /* File.swift in Sources */,
				AA2A82962895D911001D4CDA /* DicKeyManager.swift in Sources */,
				AA22B575285D93C600E1DD29 /* Anonymity.xcdatamodeld in Sources */,
				AA4E640128A56B0700E59455 /* CryptoManager.swift in Sources */,
				AA44B788286B65CB001691A3 /* Chat.swift in Sources */,
				AA5A43E9287497BD00C47765 /* OnlineStatusView.swift in Sources */,
				AA023BEF2887770E0095C6B1 /* ChatDataService.swift in Sources */,
				AA5A43ED2874A34900C47765 /* UserProfileView.swift in Sources */,
				AA263CD428B1575200CDFFE4 /* MessageBubbleSubView.swift in Sources */,
				AA023BF328883D3A0095C6B1 /* UserAuthManager.swift in Sources */,
				AA44B786286A845B001691A3 /* ChatView.swift in Sources */,
				AA1F16D0287E419F00842168 /* Contact.swift in Sources */,
				AA44B78228677AA9001691A3 /* Message.swift in Sources */,
				AA2A82992895DFE6001D4CDA /* Dictionary.swift in Sources */,
				AA1F16CC287DC36D00842168 /* LoginView.swift in Sources */,
				AA1F16CA287C860000842168 /* UserDataService.swift in Sources */,
				AA44B780286527CA001691A3 /* User.swift in Sources */,
				AA263CDC28B1CE9C00CDFFE4 /* DownloadProgressView.swift in Sources */,
				AA22B579285D93C600E1DD29 /* ContentView.swift in Sources */,
				AA263CD128B13BF700CDFFE4 /* FileDataService.swift in Sources */,
				AA5A43E6287495D200C47765 /* ContactsView.swift in Sources */,
				AA883730288745B2000C19FA /* FirebaseManager.swift in Sources */,
				AA1F16D2287E45B000842168 /* ContactDataService.swift in Sources */,
				AA5A43E42874940100C47765 /* MessageDataService.swift in Sources */,
			);
			runOnlyForDeploymentPostprocessing = 0;
		};
		AA22B556285D93C600E1DD29 /* Sources */ = {
			isa = PBXSourcesBuildPhase;
			buildActionMask = 2147483647;
			files = (
				AA22B578285D93C600E1DD29 /* AnonymityApp.swift in Sources */,
				AA22B57C285D93C600E1DD29 /* Persistence.swift in Sources */,
				AA883731288745B2000C19FA /* FirebaseManager.swift in Sources */,
				AA22B576285D93C600E1DD29 /* Anonymity.xcdatamodeld in Sources */,
				AA22B57A285D93C600E1DD29 /* ContentView.swift in Sources */,
			);
			runOnlyForDeploymentPostprocessing = 0;
		};
		AA22B55D285D93C600E1DD29 /* Sources */ = {
			isa = PBXSourcesBuildPhase;
			buildActionMask = 2147483647;
			files = (
				AA22B568285D93C600E1DD29 /* Tests_iOSLaunchTests.swift in Sources */,
				AA22B566285D93C600E1DD29 /* Tests_iOS.swift in Sources */,
			);
			runOnlyForDeploymentPostprocessing = 0;
		};
		AA22B569285D93C600E1DD29 /* Sources */ = {
			isa = PBXSourcesBuildPhase;
			buildActionMask = 2147483647;
			files = (
				AA22B574285D93C600E1DD29 /* Tests_macOSLaunchTests.swift in Sources */,
				AA22B572285D93C600E1DD29 /* Tests_macOS.swift in Sources */,
			);
			runOnlyForDeploymentPostprocessing = 0;
		};
		AA6E46A128A9C11C00CA31B8 /* Sources */ = {
			isa = PBXSourcesBuildPhase;
			buildActionMask = 2147483647;
			files = (
				AA6E46B728A9C17000CA31B8 /* PublicKeyDataService_Tests.swift in Sources */,
				AA2875B828B596EB00AF137E /* CryotoManager_Tests.swift in Sources */,
				AA6E46A828A9C11C00CA31B8 /* UnitTests_iOS.swift in Sources */,
				AAF7CCD728AAD18B00FFA189 /* ChatDataService_Tests.swift in Sources */,
			);
			runOnlyForDeploymentPostprocessing = 0;
		};
/* End PBXSourcesBuildPhase section */

/* Begin PBXTargetDependency section */
		AA22B563285D93C600E1DD29 /* PBXTargetDependency */ = {
			isa = PBXTargetDependency;
			target = AA22B553285D93C600E1DD29 /* Anonymity (iOS) */;
			targetProxy = AA22B562285D93C600E1DD29 /* PBXContainerItemProxy */;
		};
		AA22B56F285D93C600E1DD29 /* PBXTargetDependency */ = {
			isa = PBXTargetDependency;
			target = AA22B559285D93C600E1DD29 /* Anonymity (macOS) */;
			targetProxy = AA22B56E285D93C600E1DD29 /* PBXContainerItemProxy */;
		};
		AA6E46AA28A9C11C00CA31B8 /* PBXTargetDependency */ = {
			isa = PBXTargetDependency;
			target = AA22B553285D93C600E1DD29 /* Anonymity (iOS) */;
			targetProxy = AA6E46A928A9C11C00CA31B8 /* PBXContainerItemProxy */;
		};
/* End PBXTargetDependency section */

/* Begin XCBuildConfiguration section */
		AA22B57F285D93C600E1DD29 /* Debug */ = {
			isa = XCBuildConfiguration;
			buildSettings = {
				ALWAYS_SEARCH_USER_PATHS = NO;
				CLANG_ANALYZER_NONNULL = YES;
				CLANG_ANALYZER_NUMBER_OBJECT_CONVERSION = YES_AGGRESSIVE;
				CLANG_CXX_LANGUAGE_STANDARD = "gnu++17";
				CLANG_ENABLE_MODULES = YES;
				CLANG_ENABLE_OBJC_ARC = YES;
				CLANG_ENABLE_OBJC_WEAK = YES;
				CLANG_WARN_BLOCK_CAPTURE_AUTORELEASING = YES;
				CLANG_WARN_BOOL_CONVERSION = YES;
				CLANG_WARN_COMMA = YES;
				CLANG_WARN_CONSTANT_CONVERSION = YES;
				CLANG_WARN_DEPRECATED_OBJC_IMPLEMENTATIONS = YES;
				CLANG_WARN_DIRECT_OBJC_ISA_USAGE = YES_ERROR;
				CLANG_WARN_DOCUMENTATION_COMMENTS = YES;
				CLANG_WARN_EMPTY_BODY = YES;
				CLANG_WARN_ENUM_CONVERSION = YES;
				CLANG_WARN_INFINITE_RECURSION = YES;
				CLANG_WARN_INT_CONVERSION = YES;
				CLANG_WARN_NON_LITERAL_NULL_CONVERSION = YES;
				CLANG_WARN_OBJC_IMPLICIT_RETAIN_SELF = YES;
				CLANG_WARN_OBJC_LITERAL_CONVERSION = YES;
				CLANG_WARN_OBJC_ROOT_CLASS = YES_ERROR;
				CLANG_WARN_QUOTED_INCLUDE_IN_FRAMEWORK_HEADER = YES;
				CLANG_WARN_RANGE_LOOP_ANALYSIS = YES;
				CLANG_WARN_STRICT_PROTOTYPES = YES;
				CLANG_WARN_SUSPICIOUS_MOVE = YES;
				CLANG_WARN_UNGUARDED_AVAILABILITY = YES_AGGRESSIVE;
				CLANG_WARN_UNREACHABLE_CODE = YES;
				CLANG_WARN__DUPLICATE_METHOD_MATCH = YES;
				COPY_PHASE_STRIP = NO;
				DEBUG_INFORMATION_FORMAT = dwarf;
				ENABLE_STRICT_OBJC_MSGSEND = YES;
				ENABLE_TESTABILITY = YES;
				GCC_C_LANGUAGE_STANDARD = gnu11;
				GCC_DYNAMIC_NO_PIC = NO;
				GCC_NO_COMMON_BLOCKS = YES;
				GCC_OPTIMIZATION_LEVEL = 0;
				GCC_PREPROCESSOR_DEFINITIONS = (
					"DEBUG=1",
					"$(inherited)",
				);
				GCC_WARN_64_TO_32_BIT_CONVERSION = YES;
				GCC_WARN_ABOUT_RETURN_TYPE = YES_ERROR;
				GCC_WARN_UNDECLARED_SELECTOR = YES;
				GCC_WARN_UNINITIALIZED_AUTOS = YES_AGGRESSIVE;
				GCC_WARN_UNUSED_FUNCTION = YES;
				GCC_WARN_UNUSED_VARIABLE = YES;
				MTL_ENABLE_DEBUG_INFO = INCLUDE_SOURCE;
				MTL_FAST_MATH = YES;
				ONLY_ACTIVE_ARCH = YES;
				SWIFT_ACTIVE_COMPILATION_CONDITIONS = DEBUG;
				SWIFT_OPTIMIZATION_LEVEL = "-Onone";
			};
			name = Debug;
		};
		AA22B580285D93C600E1DD29 /* Release */ = {
			isa = XCBuildConfiguration;
			buildSettings = {
				ALWAYS_SEARCH_USER_PATHS = NO;
				CLANG_ANALYZER_NONNULL = YES;
				CLANG_ANALYZER_NUMBER_OBJECT_CONVERSION = YES_AGGRESSIVE;
				CLANG_CXX_LANGUAGE_STANDARD = "gnu++17";
				CLANG_ENABLE_MODULES = YES;
				CLANG_ENABLE_OBJC_ARC = YES;
				CLANG_ENABLE_OBJC_WEAK = YES;
				CLANG_WARN_BLOCK_CAPTURE_AUTORELEASING = YES;
				CLANG_WARN_BOOL_CONVERSION = YES;
				CLANG_WARN_COMMA = YES;
				CLANG_WARN_CONSTANT_CONVERSION = YES;
				CLANG_WARN_DEPRECATED_OBJC_IMPLEMENTATIONS = YES;
				CLANG_WARN_DIRECT_OBJC_ISA_USAGE = YES_ERROR;
				CLANG_WARN_DOCUMENTATION_COMMENTS = YES;
				CLANG_WARN_EMPTY_BODY = YES;
				CLANG_WARN_ENUM_CONVERSION = YES;
				CLANG_WARN_INFINITE_RECURSION = YES;
				CLANG_WARN_INT_CONVERSION = YES;
				CLANG_WARN_NON_LITERAL_NULL_CONVERSION = YES;
				CLANG_WARN_OBJC_IMPLICIT_RETAIN_SELF = YES;
				CLANG_WARN_OBJC_LITERAL_CONVERSION = YES;
				CLANG_WARN_OBJC_ROOT_CLASS = YES_ERROR;
				CLANG_WARN_QUOTED_INCLUDE_IN_FRAMEWORK_HEADER = YES;
				CLANG_WARN_RANGE_LOOP_ANALYSIS = YES;
				CLANG_WARN_STRICT_PROTOTYPES = YES;
				CLANG_WARN_SUSPICIOUS_MOVE = YES;
				CLANG_WARN_UNGUARDED_AVAILABILITY = YES_AGGRESSIVE;
				CLANG_WARN_UNREACHABLE_CODE = YES;
				CLANG_WARN__DUPLICATE_METHOD_MATCH = YES;
				COPY_PHASE_STRIP = NO;
				DEBUG_INFORMATION_FORMAT = "dwarf-with-dsym";
				ENABLE_NS_ASSERTIONS = NO;
				ENABLE_STRICT_OBJC_MSGSEND = YES;
				GCC_C_LANGUAGE_STANDARD = gnu11;
				GCC_NO_COMMON_BLOCKS = YES;
				GCC_WARN_64_TO_32_BIT_CONVERSION = YES;
				GCC_WARN_ABOUT_RETURN_TYPE = YES_ERROR;
				GCC_WARN_UNDECLARED_SELECTOR = YES;
				GCC_WARN_UNINITIALIZED_AUTOS = YES_AGGRESSIVE;
				GCC_WARN_UNUSED_FUNCTION = YES;
				GCC_WARN_UNUSED_VARIABLE = YES;
				MTL_ENABLE_DEBUG_INFO = NO;
				MTL_FAST_MATH = YES;
				SWIFT_COMPILATION_MODE = wholemodule;
				SWIFT_OPTIMIZATION_LEVEL = "-O";
			};
			name = Release;
		};
		AA22B582285D93C600E1DD29 /* Debug */ = {
			isa = XCBuildConfiguration;
			buildSettings = {
				ASSETCATALOG_COMPILER_APPICON_NAME = AppIcon;
				ASSETCATALOG_COMPILER_GLOBAL_ACCENT_COLOR_NAME = AccentColor;
				CODE_SIGN_STYLE = Automatic;
				CURRENT_PROJECT_VERSION = 1;
				DEVELOPMENT_TEAM = 3V4J8UNSS8;
				ENABLE_PREVIEWS = YES;
				GENERATE_INFOPLIST_FILE = YES;
				INFOPLIST_KEY_UIApplicationSceneManifest_Generation = YES;
				INFOPLIST_KEY_UIApplicationSupportsIndirectInputEvents = YES;
				INFOPLIST_KEY_UILaunchScreen_Generation = YES;
				INFOPLIST_KEY_UISupportedInterfaceOrientations_iPad = "UIInterfaceOrientationPortrait UIInterfaceOrientationPortraitUpsideDown UIInterfaceOrientationLandscapeLeft UIInterfaceOrientationLandscapeRight";
				INFOPLIST_KEY_UISupportedInterfaceOrientations_iPhone = "UIInterfaceOrientationPortrait UIInterfaceOrientationLandscapeLeft UIInterfaceOrientationLandscapeRight";
				IPHONEOS_DEPLOYMENT_TARGET = 15.5;
				LD_RUNPATH_SEARCH_PATHS = (
					"$(inherited)",
					"@executable_path/Frameworks",
				);
				MARKETING_VERSION = 0.7;
				PRODUCT_BUNDLE_IDENTIFIER = "com.steve-x-software.Anonymity";
				PRODUCT_NAME = Anonymity;
				SDKROOT = iphoneos;
				SWIFT_EMIT_LOC_STRINGS = YES;
				SWIFT_VERSION = 5.0;
				TARGETED_DEVICE_FAMILY = "1,2";
			};
			name = Debug;
		};
		AA22B583285D93C600E1DD29 /* Release */ = {
			isa = XCBuildConfiguration;
			buildSettings = {
				ASSETCATALOG_COMPILER_APPICON_NAME = AppIcon;
				ASSETCATALOG_COMPILER_GLOBAL_ACCENT_COLOR_NAME = AccentColor;
				CODE_SIGN_STYLE = Automatic;
				CURRENT_PROJECT_VERSION = 1;
				DEVELOPMENT_TEAM = 3V4J8UNSS8;
				ENABLE_PREVIEWS = YES;
				GENERATE_INFOPLIST_FILE = YES;
				INFOPLIST_KEY_UIApplicationSceneManifest_Generation = YES;
				INFOPLIST_KEY_UIApplicationSupportsIndirectInputEvents = YES;
				INFOPLIST_KEY_UILaunchScreen_Generation = YES;
				INFOPLIST_KEY_UISupportedInterfaceOrientations_iPad = "UIInterfaceOrientationPortrait UIInterfaceOrientationPortraitUpsideDown UIInterfaceOrientationLandscapeLeft UIInterfaceOrientationLandscapeRight";
				INFOPLIST_KEY_UISupportedInterfaceOrientations_iPhone = "UIInterfaceOrientationPortrait UIInterfaceOrientationLandscapeLeft UIInterfaceOrientationLandscapeRight";
				IPHONEOS_DEPLOYMENT_TARGET = 15.5;
				LD_RUNPATH_SEARCH_PATHS = (
					"$(inherited)",
					"@executable_path/Frameworks",
				);
				MARKETING_VERSION = 0.7;
				PRODUCT_BUNDLE_IDENTIFIER = "com.steve-x-software.Anonymity";
				PRODUCT_NAME = Anonymity;
				SDKROOT = iphoneos;
				SWIFT_EMIT_LOC_STRINGS = YES;
				SWIFT_VERSION = 5.0;
				TARGETED_DEVICE_FAMILY = "1,2";
				VALIDATE_PRODUCT = YES;
			};
			name = Release;
		};
		AA22B585285D93C600E1DD29 /* Debug */ = {
			isa = XCBuildConfiguration;
			buildSettings = {
				ASSETCATALOG_COMPILER_APPICON_NAME = AppIcon;
				ASSETCATALOG_COMPILER_GLOBAL_ACCENT_COLOR_NAME = AccentColor;
				CODE_SIGN_ENTITLEMENTS = macOS/macOS.entitlements;
				CODE_SIGN_STYLE = Automatic;
				COMBINE_HIDPI_IMAGES = YES;
				CURRENT_PROJECT_VERSION = 1;
				DEVELOPMENT_TEAM = 3V4J8UNSS8;
				ENABLE_HARDENED_RUNTIME = YES;
				ENABLE_PREVIEWS = YES;
				GENERATE_INFOPLIST_FILE = YES;
				INFOPLIST_KEY_NSHumanReadableCopyright = "";
				LD_RUNPATH_SEARCH_PATHS = (
					"$(inherited)",
					"@executable_path/../Frameworks",
				);
				MACOSX_DEPLOYMENT_TARGET = 12.3;
				MARKETING_VERSION = 1.0;
				PRODUCT_BUNDLE_IDENTIFIER = "com.steve-x-software.Anonymity";
				PRODUCT_NAME = Anonymity;
				SDKROOT = macosx;
				SWIFT_EMIT_LOC_STRINGS = YES;
				SWIFT_VERSION = 5.0;
			};
			name = Debug;
		};
		AA22B586285D93C600E1DD29 /* Release */ = {
			isa = XCBuildConfiguration;
			buildSettings = {
				ASSETCATALOG_COMPILER_APPICON_NAME = AppIcon;
				ASSETCATALOG_COMPILER_GLOBAL_ACCENT_COLOR_NAME = AccentColor;
				CODE_SIGN_ENTITLEMENTS = macOS/macOS.entitlements;
				CODE_SIGN_STYLE = Automatic;
				COMBINE_HIDPI_IMAGES = YES;
				CURRENT_PROJECT_VERSION = 1;
				DEVELOPMENT_TEAM = 3V4J8UNSS8;
				ENABLE_HARDENED_RUNTIME = YES;
				ENABLE_PREVIEWS = YES;
				GENERATE_INFOPLIST_FILE = YES;
				INFOPLIST_KEY_NSHumanReadableCopyright = "";
				LD_RUNPATH_SEARCH_PATHS = (
					"$(inherited)",
					"@executable_path/../Frameworks",
				);
				MACOSX_DEPLOYMENT_TARGET = 12.3;
				MARKETING_VERSION = 1.0;
				PRODUCT_BUNDLE_IDENTIFIER = "com.steve-x-software.Anonymity";
				PRODUCT_NAME = Anonymity;
				SDKROOT = macosx;
				SWIFT_EMIT_LOC_STRINGS = YES;
				SWIFT_VERSION = 5.0;
			};
			name = Release;
		};
		AA22B588285D93C600E1DD29 /* Debug */ = {
			isa = XCBuildConfiguration;
			buildSettings = {
				ALWAYS_EMBED_SWIFT_STANDARD_LIBRARIES = YES;
				CODE_SIGN_STYLE = Automatic;
				CURRENT_PROJECT_VERSION = 1;
				DEVELOPMENT_TEAM = 3V4J8UNSS8;
				GENERATE_INFOPLIST_FILE = YES;
				IPHONEOS_DEPLOYMENT_TARGET = 15.5;
				MARKETING_VERSION = 1.0;
				PRODUCT_BUNDLE_IDENTIFIER = "com.steve-x-software.Tests-iOS";
				PRODUCT_NAME = "$(TARGET_NAME)";
				SDKROOT = iphoneos;
				SWIFT_EMIT_LOC_STRINGS = NO;
				SWIFT_VERSION = 5.0;
				TARGETED_DEVICE_FAMILY = "1,2";
				TEST_TARGET_NAME = "Anonymity (iOS)";
			};
			name = Debug;
		};
		AA22B589285D93C600E1DD29 /* Release */ = {
			isa = XCBuildConfiguration;
			buildSettings = {
				ALWAYS_EMBED_SWIFT_STANDARD_LIBRARIES = YES;
				CODE_SIGN_STYLE = Automatic;
				CURRENT_PROJECT_VERSION = 1;
				DEVELOPMENT_TEAM = 3V4J8UNSS8;
				GENERATE_INFOPLIST_FILE = YES;
				IPHONEOS_DEPLOYMENT_TARGET = 15.5;
				MARKETING_VERSION = 1.0;
				PRODUCT_BUNDLE_IDENTIFIER = "com.steve-x-software.Tests-iOS";
				PRODUCT_NAME = "$(TARGET_NAME)";
				SDKROOT = iphoneos;
				SWIFT_EMIT_LOC_STRINGS = NO;
				SWIFT_VERSION = 5.0;
				TARGETED_DEVICE_FAMILY = "1,2";
				TEST_TARGET_NAME = "Anonymity (iOS)";
				VALIDATE_PRODUCT = YES;
			};
			name = Release;
		};
		AA22B58B285D93C600E1DD29 /* Debug */ = {
			isa = XCBuildConfiguration;
			buildSettings = {
				ALWAYS_EMBED_SWIFT_STANDARD_LIBRARIES = YES;
				CODE_SIGN_STYLE = Automatic;
				CURRENT_PROJECT_VERSION = 1;
				DEVELOPMENT_TEAM = 3V4J8UNSS8;
				GENERATE_INFOPLIST_FILE = YES;
				MACOSX_DEPLOYMENT_TARGET = 12.3;
				MARKETING_VERSION = 1.0;
				PRODUCT_BUNDLE_IDENTIFIER = "com.steve-x-software.Tests-macOS";
				PRODUCT_NAME = "$(TARGET_NAME)";
				SDKROOT = macosx;
				SWIFT_EMIT_LOC_STRINGS = NO;
				SWIFT_VERSION = 5.0;
				TEST_TARGET_NAME = "Anonymity (macOS)";
			};
			name = Debug;
		};
		AA22B58C285D93C600E1DD29 /* Release */ = {
			isa = XCBuildConfiguration;
			buildSettings = {
				ALWAYS_EMBED_SWIFT_STANDARD_LIBRARIES = YES;
				CODE_SIGN_STYLE = Automatic;
				CURRENT_PROJECT_VERSION = 1;
				DEVELOPMENT_TEAM = 3V4J8UNSS8;
				GENERATE_INFOPLIST_FILE = YES;
				MACOSX_DEPLOYMENT_TARGET = 12.3;
				MARKETING_VERSION = 1.0;
				PRODUCT_BUNDLE_IDENTIFIER = "com.steve-x-software.Tests-macOS";
				PRODUCT_NAME = "$(TARGET_NAME)";
				SDKROOT = macosx;
				SWIFT_EMIT_LOC_STRINGS = NO;
				SWIFT_VERSION = 5.0;
				TEST_TARGET_NAME = "Anonymity (macOS)";
			};
			name = Release;
		};
		AA6E46AB28A9C11C00CA31B8 /* Debug */ = {
			isa = XCBuildConfiguration;
			buildSettings = {
				BUNDLE_LOADER = "$(TEST_HOST)";
				CODE_SIGN_STYLE = Automatic;
				CURRENT_PROJECT_VERSION = 1;
				DEVELOPMENT_TEAM = 3V4J8UNSS8;
				GENERATE_INFOPLIST_FILE = YES;
				IPHONEOS_DEPLOYMENT_TARGET = 15.5;
				MARKETING_VERSION = 1.0;
				PRODUCT_BUNDLE_IDENTIFIER = "com.steve-x-software.UnitTests-iOS";
				PRODUCT_NAME = "$(TARGET_NAME)";
				SDKROOT = iphoneos;
				SWIFT_EMIT_LOC_STRINGS = NO;
				SWIFT_VERSION = 5.0;
				TARGETED_DEVICE_FAMILY = "1,2";
				TEST_HOST = "$(BUILT_PRODUCTS_DIR)/Anonymity.app/Anonymity";
			};
			name = Debug;
		};
		AA6E46AC28A9C11C00CA31B8 /* Release */ = {
			isa = XCBuildConfiguration;
			buildSettings = {
				BUNDLE_LOADER = "$(TEST_HOST)";
				CODE_SIGN_STYLE = Automatic;
				CURRENT_PROJECT_VERSION = 1;
				DEVELOPMENT_TEAM = 3V4J8UNSS8;
				GENERATE_INFOPLIST_FILE = YES;
				IPHONEOS_DEPLOYMENT_TARGET = 15.5;
				MARKETING_VERSION = 1.0;
				PRODUCT_BUNDLE_IDENTIFIER = "com.steve-x-software.UnitTests-iOS";
				PRODUCT_NAME = "$(TARGET_NAME)";
				SDKROOT = iphoneos;
				SWIFT_EMIT_LOC_STRINGS = NO;
				SWIFT_VERSION = 5.0;
				TARGETED_DEVICE_FAMILY = "1,2";
				TEST_HOST = "$(BUILT_PRODUCTS_DIR)/Anonymity.app/Anonymity";
				VALIDATE_PRODUCT = YES;
			};
			name = Release;
		};
/* End XCBuildConfiguration section */

/* Begin XCConfigurationList section */
		AA22B548285D93C500E1DD29 /* Build configuration list for PBXProject "Anonymity" */ = {
			isa = XCConfigurationList;
			buildConfigurations = (
				AA22B57F285D93C600E1DD29 /* Debug */,
				AA22B580285D93C600E1DD29 /* Release */,
			);
			defaultConfigurationIsVisible = 0;
			defaultConfigurationName = Release;
		};
		AA22B581285D93C600E1DD29 /* Build configuration list for PBXNativeTarget "Anonymity (iOS)" */ = {
			isa = XCConfigurationList;
			buildConfigurations = (
				AA22B582285D93C600E1DD29 /* Debug */,
				AA22B583285D93C600E1DD29 /* Release */,
			);
			defaultConfigurationIsVisible = 0;
			defaultConfigurationName = Release;
		};
		AA22B584285D93C600E1DD29 /* Build configuration list for PBXNativeTarget "Anonymity (macOS)" */ = {
			isa = XCConfigurationList;
			buildConfigurations = (
				AA22B585285D93C600E1DD29 /* Debug */,
				AA22B586285D93C600E1DD29 /* Release */,
			);
			defaultConfigurationIsVisible = 0;
			defaultConfigurationName = Release;
		};
		AA22B587285D93C600E1DD29 /* Build configuration list for PBXNativeTarget "Tests iOS" */ = {
			isa = XCConfigurationList;
			buildConfigurations = (
				AA22B588285D93C600E1DD29 /* Debug */,
				AA22B589285D93C600E1DD29 /* Release */,
			);
			defaultConfigurationIsVisible = 0;
			defaultConfigurationName = Release;
		};
		AA22B58A285D93C600E1DD29 /* Build configuration list for PBXNativeTarget "Tests macOS" */ = {
			isa = XCConfigurationList;
			buildConfigurations = (
				AA22B58B285D93C600E1DD29 /* Debug */,
				AA22B58C285D93C600E1DD29 /* Release */,
			);
			defaultConfigurationIsVisible = 0;
			defaultConfigurationName = Release;
		};
		AA6E46AD28A9C11C00CA31B8 /* Build configuration list for PBXNativeTarget "UnitTests iOS" */ = {
			isa = XCConfigurationList;
			buildConfigurations = (
				AA6E46AB28A9C11C00CA31B8 /* Debug */,
				AA6E46AC28A9C11C00CA31B8 /* Release */,
			);
			defaultConfigurationIsVisible = 0;
			defaultConfigurationName = Release;
		};
/* End XCConfigurationList section */

/* Begin XCRemoteSwiftPackageReference section */
		AA023BE7288768B50095C6B1 /* XCRemoteSwiftPackageReference "firebase-ios-sdk" */ = {
			isa = XCRemoteSwiftPackageReference;
			repositoryURL = "https://github.com/firebase/firebase-ios-sdk";
			requirement = {
				kind = upToNextMajorVersion;
				minimumVersion = 9.0.0;
			};
		};
/* End XCRemoteSwiftPackageReference section */

/* Begin XCSwiftPackageProductDependency section */
		AA2A828C2891E641001D4CDA /* FirebaseAuth */ = {
			isa = XCSwiftPackageProductDependency;
			package = AA023BE7288768B50095C6B1 /* XCRemoteSwiftPackageReference "firebase-ios-sdk" */;
			productName = FirebaseAuth;
		};
		AA2A828E2891E641001D4CDA /* FirebaseFirestore */ = {
			isa = XCSwiftPackageProductDependency;
			package = AA023BE7288768B50095C6B1 /* XCRemoteSwiftPackageReference "firebase-ios-sdk" */;
			productName = FirebaseFirestore;
		};
		AA2A82902891E641001D4CDA /* FirebaseStorage */ = {
			isa = XCSwiftPackageProductDependency;
			package = AA023BE7288768B50095C6B1 /* XCRemoteSwiftPackageReference "firebase-ios-sdk" */;
			productName = FirebaseStorage;
		};
/* End XCSwiftPackageProductDependency section */

/* Begin XCVersionGroup section */
		AA22B54A285D93C500E1DD29 /* Anonymity.xcdatamodeld */ = {
			isa = XCVersionGroup;
			children = (
				AA22B54B285D93C500E1DD29 /* Shared.xcdatamodel */,
			);
			currentVersion = AA22B54B285D93C500E1DD29 /* Shared.xcdatamodel */;
			path = Anonymity.xcdatamodeld;
			sourceTree = "<group>";
			versionGroupType = wrapper.xcdatamodel;
		};
/* End XCVersionGroup section */
	};
	rootObject = AA22B545285D93C500E1DD29 /* Project object */;
}
